
Microsoft Visual Studio Solution File, Format Version 12.00
# Visual Studio 15
Project("{2150E333-8FDC-42A3-9474-1A3956D46DE8}") = "3rdparty", "3rdparty", "{2E4AA1A6-C758-37BB-A0D9-4A348131A522}"
EndProject
Project("{2150E333-8FDC-42A3-9474-1A3956D46DE8}") = "CMakeTargets", "CMakeTargets", "{115CF9B8-19A5-343C-894B-1CE05D051988}"
EndProject
Project("{2150E333-8FDC-42A3-9474-1A3956D46DE8}") = "dispatched", "dispatched", "{C7DE11DD-9EBB-3492-9111-D56C5B00E54B}"
EndProject
Project("{2150E333-8FDC-42A3-9474-1A3956D46DE8}") = "modules", "modules", "{7FA1FE64-B266-39B4-83EA-1506A33B7C3D}"
EndProject
Project("{2150E333-8FDC-42A3-9474-1A3956D46DE8}") = "samples", "samples", "{524BFE2A-F9E8-3258-85DE-A92EAB12AE74}"
EndProject
Project("{2150E333-8FDC-42A3-9474-1A3956D46DE8}") = "dnn", "samples\dnn", "{19DECA40-D66C-3560-BC8D-59662616D55B}"
EndProject
Project("{8BC9CEB8-8B4A-11D0-8D11-00A0C91BC942}") = "ALL_BUILD", "ALL_BUILD.vcxproj", "{87B0D9C6-A560-3693-8A73-537D3E06B5EF}"
	ProjectSection(ProjectDependencies) = postProject
		{345D67E4-7CDB-3963-B172-81D28321CE55} = {345D67E4-7CDB-3963-B172-81D28321CE55}
		{1EDBD0D6-FB15-32A8-8086-3E718BFD44DF} = {1EDBD0D6-FB15-32A8-8086-3E718BFD44DF}
		{8A117A14-3A67-36DB-B2EE-86D91092AA76} = {8A117A14-3A67-36DB-B2EE-86D91092AA76}
		{5737E526-AD00-3705-8AAB-848A1100AACA} = {5737E526-AD00-3705-8AAB-848A1100AACA}
		{0162BB31-8168-3E4E-851C-6B01F6E2ECFF} = {0162BB31-8168-3E4E-851C-6B01F6E2ECFF}
		{6DD42129-1C2D-3D39-B98C-7BE1738D7F30} = {6DD42129-1C2D-3D39-B98C-7BE1738D7F30}
		{95D7B59B-8AA2-321F-B176-B88C07DBED0F} = {95D7B59B-8AA2-321F-B176-B88C07DBED0F}
		{DD6A9DDF-09AA-3681-962F-F4B8B7D45B38} = {DD6A9DDF-09AA-3681-962F-F4B8B7D45B38}
		{873148AF-6E13-350D-88DD-E40A96FC0D23} = {873148AF-6E13-350D-88DD-E40A96FC0D23}
		{E5751703-171A-3DA5-B0DE-67E689CE28F9} = {E5751703-171A-3DA5-B0DE-67E689CE28F9}
		{C1863F68-1A51-379F-81B8-24380A465151} = {C1863F68-1A51-379F-81B8-24380A465151}
		{F2B10AE4-19F4-382F-851B-66B6786BF053} = {F2B10AE4-19F4-382F-851B-66B6786BF053}
		{961B7CC1-DC1D-3FC1-AED8-C094C6E9D639} = {961B7CC1-DC1D-3FC1-AED8-C094C6E9D639}
		{B5926A1B-EA36-38C7-B303-F0C95F21D904} = {B5926A1B-EA36-38C7-B303-F0C95F21D904}
		{7A7F45D3-752F-354C-AD97-5F398D388AB9} = {7A7F45D3-752F-354C-AD97-5F398D388AB9}
	EndProjectSection
EndProject
Project("{8BC9CEB8-8B4A-11D0-8D11-00A0C91BC942}") = "INSTALL", "INSTALL.vcxproj", "{987DFB9C-1123-3049-9140-EC86B20C2FC8}"
	ProjectSection(ProjectDependencies) = postProject
		{87B0D9C6-A560-3693-8A73-537D3E06B5EF} = {87B0D9C6-A560-3693-8A73-537D3E06B5EF}
		{345D67E4-7CDB-3963-B172-81D28321CE55} = {345D67E4-7CDB-3963-B172-81D28321CE55}
	EndProjectSection
EndProject
Project("{8BC9CEB8-8B4A-11D0-8D11-00A0C91BC942}") = "IlmImf", "..\..\3rdparty\openexr\IlmImf.vcxproj", "{1700C8F8-3A22-3DF2-A962-DB1F71CE34BF}"
	ProjectSection(ProjectDependencies) = postProject
		{345D67E4-7CDB-3963-B172-81D28321CE55} = {345D67E4-7CDB-3963-B172-81D28321CE55}
		{3AAA8C7B-6FED-38CA-85DD-A1B83FA02899} = {3AAA8C7B-6FED-38CA-85DD-A1B83FA02899}
	EndProjectSection
EndProject
Project("{8BC9CEB8-8B4A-11D0-8D11-00A0C91BC942}") = "PACKAGE", "PACKAGE.vcxproj", "{55715B3E-1E35-3E51-8C7E-7BC4D7D912B0}"
	ProjectSection(ProjectDependencies) = postProject
		{87B0D9C6-A560-3693-8A73-537D3E06B5EF} = {87B0D9C6-A560-3693-8A73-537D3E06B5EF}
		{345D67E4-7CDB-3963-B172-81D28321CE55} = {345D67E4-7CDB-3963-B172-81D28321CE55}
	EndProjectSection
EndProject
Project("{8BC9CEB8-8B4A-11D0-8D11-00A0C91BC942}") = "RUN_TESTS", "RUN_TESTS.vcxproj", "{7235C041-D661-3ACC-B23F-181F8BC10526}"
	ProjectSection(ProjectDependencies) = postProject
		{345D67E4-7CDB-3963-B172-81D28321CE55} = {345D67E4-7CDB-3963-B172-81D28321CE55}
	EndProjectSection
EndProject
Project("{8BC9CEB8-8B4A-11D0-8D11-00A0C91BC942}") = "ZERO_CHECK", "..\..\\ZERO_CHECK.vcxproj", "{345D67E4-7CDB-3963-B172-81D28321CE55}"
	ProjectSection(ProjectDependencies) = postProject
	EndProjectSection
EndProject
Project("{8BC9CEB8-8B4A-11D0-8D11-00A0C91BC942}") = "ade", "..\..\\ade.vcxproj", "{BC3CF51D-EE16-39E7-92AD-8909F94C57B6}"
	ProjectSection(ProjectDependencies) = postProject
		{345D67E4-7CDB-3963-B172-81D28321CE55} = {345D67E4-7CDB-3963-B172-81D28321CE55}
	EndProjectSection
EndProject
Project("{8BC9CEB8-8B4A-11D0-8D11-00A0C91BC942}") = "example_dnn_classification", "example_dnn_classification.vcxproj", "{1EDBD0D6-FB15-32A8-8086-3E718BFD44DF}"
	ProjectSection(ProjectDependencies) = postProject
		{345D67E4-7CDB-3963-B172-81D28321CE55} = {345D67E4-7CDB-3963-B172-81D28321CE55}
		{B1B47649-6AA3-3174-991B-AAA5D0A8490B} = {B1B47649-6AA3-3174-991B-AAA5D0A8490B}
	EndProjectSection
EndProject
Project("{8BC9CEB8-8B4A-11D0-8D11-00A0C91BC942}") = "example_dnn_colorization", "example_dnn_colorization.vcxproj", "{8A117A14-3A67-36DB-B2EE-86D91092AA76}"
	ProjectSection(ProjectDependencies) = postProject
		{345D67E4-7CDB-3963-B172-81D28321CE55} = {345D67E4-7CDB-3963-B172-81D28321CE55}
		{B1B47649-6AA3-3174-991B-AAA5D0A8490B} = {B1B47649-6AA3-3174-991B-AAA5D0A8490B}
	EndProjectSection
EndProject
Project("{8BC9CEB8-8B4A-11D0-8D11-00A0C91BC942}") = "example_dnn_dasiamrpn_tracker", "example_dnn_dasiamrpn_tracker.vcxproj", "{5737E526-AD00-3705-8AAB-848A1100AACA}"
	ProjectSection(ProjectDependencies) = postProject
		{345D67E4-7CDB-3963-B172-81D28321CE55} = {345D67E4-7CDB-3963-B172-81D28321CE55}
		{B1B47649-6AA3-3174-991B-AAA5D0A8490B} = {B1B47649-6AA3-3174-991B-AAA5D0A8490B}
	EndProjectSection
EndProject
Project("{8BC9CEB8-8B4A-11D0-8D11-00A0C91BC942}") = "example_dnn_face_detect", "example_dnn_face_detect.vcxproj", "{0162BB31-8168-3E4E-851C-6B01F6E2ECFF}"
	ProjectSection(ProjectDependencies) = postProject
		{345D67E4-7CDB-3963-B172-81D28321CE55} = {345D67E4-7CDB-3963-B172-81D28321CE55}
		{B1B47649-6AA3-3174-991B-AAA5D0A8490B} = {B1B47649-6AA3-3174-991B-AAA5D0A8490B}
	EndProjectSection
EndProject
Project("{8BC9CEB8-8B4A-11D0-8D11-00A0C91BC942}") = "example_dnn_human_parsing", "example_dnn_human_parsing.vcxproj", "{6DD42129-1C2D-3D39-B98C-7BE1738D7F30}"
	ProjectSection(ProjectDependencies) = postProject
		{345D67E4-7CDB-3963-B172-81D28321CE55} = {345D67E4-7CDB-3963-B172-81D28321CE55}
		{B1B47649-6AA3-3174-991B-AAA5D0A8490B} = {B1B47649-6AA3-3174-991B-AAA5D0A8490B}
	EndProjectSection
EndProject
Project("{8BC9CEB8-8B4A-11D0-8D11-00A0C91BC942}") = "example_dnn_object_detection", "example_dnn_object_detection.vcxproj", "{95D7B59B-8AA2-321F-B176-B88C07DBED0F}"
	ProjectSection(ProjectDependencies) = postProject
		{345D67E4-7CDB-3963-B172-81D28321CE55} = {345D67E4-7CDB-3963-B172-81D28321CE55}
		{B1B47649-6AA3-3174-991B-AAA5D0A8490B} = {B1B47649-6AA3-3174-991B-AAA5D0A8490B}
	EndProjectSection
EndProject
Project("{8BC9CEB8-8B4A-11D0-8D11-00A0C91BC942}") = "example_dnn_openpose", "example_dnn_openpose.vcxproj", "{DD6A9DDF-09AA-3681-962F-F4B8B7D45B38}"
	ProjectSection(ProjectDependencies) = postProject
		{345D67E4-7CDB-3963-B172-81D28321CE55} = {345D67E4-7CDB-3963-B172-81D28321CE55}
		{B1B47649-6AA3-3174-991B-AAA5D0A8490B} = {B1B47649-6AA3-3174-991B-AAA5D0A8490B}
	EndProjectSection
EndProject
Project("{8BC9CEB8-8B4A-11D0-8D11-00A0C91BC942}") = "example_dnn_person_reid", "example_dnn_person_reid.vcxproj", "{873148AF-6E13-350D-88DD-E40A96FC0D23}"
	ProjectSection(ProjectDependencies) = postProject
		{345D67E4-7CDB-3963-B172-81D28321CE55} = {345D67E4-7CDB-3963-B172-81D28321CE55}
		{B1B47649-6AA3-3174-991B-AAA5D0A8490B} = {B1B47649-6AA3-3174-991B-AAA5D0A8490B}
	EndProjectSection
EndProject
Project("{8BC9CEB8-8B4A-11D0-8D11-00A0C91BC942}") = "example_dnn_scene_text_detection", "example_dnn_scene_text_detection.vcxproj", "{E5751703-171A-3DA5-B0DE-67E689CE28F9}"
	ProjectSection(ProjectDependencies) = postProject
		{345D67E4-7CDB-3963-B172-81D28321CE55} = {345D67E4-7CDB-3963-B172-81D28321CE55}
		{B1B47649-6AA3-3174-991B-AAA5D0A8490B} = {B1B47649-6AA3-3174-991B-AAA5D0A8490B}
	EndProjectSection
EndProject
Project("{8BC9CEB8-8B4A-11D0-8D11-00A0C91BC942}") = "example_dnn_scene_text_recognition", "example_dnn_scene_text_recognition.vcxproj", "{C1863F68-1A51-379F-81B8-24380A465151}"
	ProjectSection(ProjectDependencies) = postProject
		{345D67E4-7CDB-3963-B172-81D28321CE55} = {345D67E4-7CDB-3963-B172-81D28321CE55}
		{B1B47649-6AA3-3174-991B-AAA5D0A8490B} = {B1B47649-6AA3-3174-991B-AAA5D0A8490B}
	EndProjectSection
EndProject
Project("{8BC9CEB8-8B4A-11D0-8D11-00A0C91BC942}") = "example_dnn_scene_text_spotting", "example_dnn_scene_text_spotting.vcxproj", "{F2B10AE4-19F4-382F-851B-66B6786BF053}"
	ProjectSection(ProjectDependencies) = postProject
		{345D67E4-7CDB-3963-B172-81D28321CE55} = {345D67E4-7CDB-3963-B172-81D28321CE55}
		{B1B47649-6AA3-3174-991B-AAA5D0A8490B} = {B1B47649-6AA3-3174-991B-AAA5D0A8490B}
	EndProjectSection
EndProject
Project("{8BC9CEB8-8B4A-11D0-8D11-00A0C91BC942}") = "example_dnn_segmentation", "example_dnn_segmentation.vcxproj", "{961B7CC1-DC1D-3FC1-AED8-C094C6E9D639}"
	ProjectSection(ProjectDependencies) = postProject
		{345D67E4-7CDB-3963-B172-81D28321CE55} = {345D67E4-7CDB-3963-B172-81D28321CE55}
		{B1B47649-6AA3-3174-991B-AAA5D0A8490B} = {B1B47649-6AA3-3174-991B-AAA5D0A8490B}
	EndProjectSection
EndProject
Project("{8BC9CEB8-8B4A-11D0-8D11-00A0C91BC942}") = "example_dnn_speech_recognition", "example_dnn_speech_recognition.vcxproj", "{B5926A1B-EA36-38C7-B303-F0C95F21D904}"
	ProjectSection(ProjectDependencies) = postProject
		{345D67E4-7CDB-3963-B172-81D28321CE55} = {345D67E4-7CDB-3963-B172-81D28321CE55}
		{B1B47649-6AA3-3174-991B-AAA5D0A8490B} = {B1B47649-6AA3-3174-991B-AAA5D0A8490B}
	EndProjectSection
EndProject
Project("{8BC9CEB8-8B4A-11D0-8D11-00A0C91BC942}") = "example_dnn_text_detection", "example_dnn_text_detection.vcxproj", "{7A7F45D3-752F-354C-AD97-5F398D388AB9}"
	ProjectSection(ProjectDependencies) = postProject
		{345D67E4-7CDB-3963-B172-81D28321CE55} = {345D67E4-7CDB-3963-B172-81D28321CE55}
		{B1B47649-6AA3-3174-991B-AAA5D0A8490B} = {B1B47649-6AA3-3174-991B-AAA5D0A8490B}
	EndProjectSection
EndProject
Project("{8BC9CEB8-8B4A-11D0-8D11-00A0C91BC942}") = "ittnotify", "..\..\3rdparty\ittnotify\ittnotify.vcxproj", "{D18B363A-5502-352A-8872-FF1243B2A230}"
	ProjectSection(ProjectDependencies) = postProject
		{345D67E4-7CDB-3963-B172-81D28321CE55} = {345D67E4-7CDB-3963-B172-81D28321CE55}
	EndProjectSection
EndProject
Project("{8BC9CEB8-8B4A-11D0-8D11-00A0C91BC942}") = "libjpeg-turbo", "..\..\3rdparty\libjpeg-turbo\libjpeg-turbo.vcxproj", "{83665C2E-702A-34DD-908A-4F7C2AB9B729}"
	ProjectSection(ProjectDependencies) = postProject
		{345D67E4-7CDB-3963-B172-81D28321CE55} = {345D67E4-7CDB-3963-B172-81D28321CE55}
	EndProjectSection
EndProject
Project("{8BC9CEB8-8B4A-11D0-8D11-00A0C91BC942}") = "libopenjp2", "..\..\3rdparty\openjpeg\openjp2\libopenjp2.vcxproj", "{AD316D73-B2D5-3C38-8434-F625E16E53A2}"
	ProjectSection(ProjectDependencies) = postProject
		{345D67E4-7CDB-3963-B172-81D28321CE55} = {345D67E4-7CDB-3963-B172-81D28321CE55}
	EndProjectSection
EndProject
Project("{8BC9CEB8-8B4A-11D0-8D11-00A0C91BC942}") = "libpng", "..\..\3rdparty\libpng\libpng.vcxproj", "{8B4EAF01-3162-3BAA-87B1-D1A6B753D5F5}"
	ProjectSection(ProjectDependencies) = postProject
		{345D67E4-7CDB-3963-B172-81D28321CE55} = {345D67E4-7CDB-3963-B172-81D28321CE55}
		{3AAA8C7B-6FED-38CA-85DD-A1B83FA02899} = {3AAA8C7B-6FED-38CA-85DD-A1B83FA02899}
	EndProjectSection
EndProject
Project("{8BC9CEB8-8B4A-11D0-8D11-00A0C91BC942}") = "libprotobuf", "..\..\3rdparty\protobuf\libprotobuf.vcxproj", "{6D1B6C12-CA17-3FC5-82FC-9DD21F8408AB}"
	ProjectSection(ProjectDependencies) = postProject
		{345D67E4-7CDB-3963-B172-81D28321CE55} = {345D67E4-7CDB-3963-B172-81D28321CE55}
	EndProjectSection
EndProject
Project("{8BC9CEB8-8B4A-11D0-8D11-00A0C91BC942}") = "libtiff", "..\..\3rdparty\libtiff\libtiff.vcxproj", "{71D2ED2D-8A49-3321-9071-1B999B5D3CA3}"
	ProjectSection(ProjectDependencies) = postProject
		{345D67E4-7CDB-3963-B172-81D28321CE55} = {345D67E4-7CDB-3963-B172-81D28321CE55}
		{3AAA8C7B-6FED-38CA-85DD-A1B83FA02899} = {3AAA8C7B-6FED-38CA-85DD-A1B83FA02899}
	EndProjectSection
EndProject
Project("{8BC9CEB8-8B4A-11D0-8D11-00A0C91BC942}") = "libwebp", "..\..\3rdparty\libwebp\libwebp.vcxproj", "{E6ABEC9D-E564-3D8F-9485-D51142678414}"
	ProjectSection(ProjectDependencies) = postProject
		{345D67E4-7CDB-3963-B172-81D28321CE55} = {345D67E4-7CDB-3963-B172-81D28321CE55}
	EndProjectSection
EndProject
Project("{8BC9CEB8-8B4A-11D0-8D11-00A0C91BC942}") = "opencv_samples_dnn", "opencv_samples_dnn.vcxproj", "{8B692E3F-27D9-3C48-8952-313846C07B27}"
	ProjectSection(ProjectDependencies) = postProject
		{345D67E4-7CDB-3963-B172-81D28321CE55} = {345D67E4-7CDB-3963-B172-81D28321CE55}
		{1EDBD0D6-FB15-32A8-8086-3E718BFD44DF} = {1EDBD0D6-FB15-32A8-8086-3E718BFD44DF}
		{8A117A14-3A67-36DB-B2EE-86D91092AA76} = {8A117A14-3A67-36DB-B2EE-86D91092AA76}
		{5737E526-AD00-3705-8AAB-848A1100AACA} = {5737E526-AD00-3705-8AAB-848A1100AACA}
		{0162BB31-8168-3E4E-851C-6B01F6E2ECFF} = {0162BB31-8168-3E4E-851C-6B01F6E2ECFF}
		{6DD42129-1C2D-3D39-B98C-7BE1738D7F30} = {6DD42129-1C2D-3D39-B98C-7BE1738D7F30}
		{95D7B59B-8AA2-321F-B176-B88C07DBED0F} = {95D7B59B-8AA2-321F-B176-B88C07DBED0F}
		{DD6A9DDF-09AA-3681-962F-F4B8B7D45B38} = {DD6A9DDF-09AA-3681-962F-F4B8B7D45B38}
		{873148AF-6E13-350D-88DD-E40A96FC0D23} = {873148AF-6E13-350D-88DD-E40A96FC0D23}
		{E5751703-171A-3DA5-B0DE-67E689CE28F9} = {E5751703-171A-3DA5-B0DE-67E689CE28F9}
		{C1863F68-1A51-379F-81B8-24380A465151} = {C1863F68-1A51-379F-81B8-24380A465151}
		{F2B10AE4-19F4-382F-851B-66B6786BF053} = {F2B10AE4-19F4-382F-851B-66B6786BF053}
		{961B7CC1-DC1D-3FC1-AED8-C094C6E9D639} = {961B7CC1-DC1D-3FC1-AED8-C094C6E9D639}
		{B5926A1B-EA36-38C7-B303-F0C95F21D904} = {B5926A1B-EA36-38C7-B303-F0C95F21D904}
		{7A7F45D3-752F-354C-AD97-5F398D388AB9} = {7A7F45D3-752F-354C-AD97-5F398D388AB9}
	EndProjectSection
EndProject
Project("{8BC9CEB8-8B4A-11D0-8D11-00A0C91BC942}") = "opencv_world", "..\..\modules\world\opencv_world.vcxproj", "{B1B47649-6AA3-3174-991B-AAA5D0A8490B}"
	ProjectSection(ProjectDependencies) = postProject
		{1700C8F8-3A22-3DF2-A962-DB1F71CE34BF} = {1700C8F8-3A22-3DF2-A962-DB1F71CE34BF}
		{345D67E4-7CDB-3963-B172-81D28321CE55} = {345D67E4-7CDB-3963-B172-81D28321CE55}
		{BC3CF51D-EE16-39E7-92AD-8909F94C57B6} = {BC3CF51D-EE16-39E7-92AD-8909F94C57B6}
		{D18B363A-5502-352A-8872-FF1243B2A230} = {D18B363A-5502-352A-8872-FF1243B2A230}
		{83665C2E-702A-34DD-908A-4F7C2AB9B729} = {83665C2E-702A-34DD-908A-4F7C2AB9B729}
		{AD316D73-B2D5-3C38-8434-F625E16E53A2} = {AD316D73-B2D5-3C38-8434-F625E16E53A2}
		{8B4EAF01-3162-3BAA-87B1-D1A6B753D5F5} = {8B4EAF01-3162-3BAA-87B1-D1A6B753D5F5}
		{6D1B6C12-CA17-3FC5-82FC-9DD21F8408AB} = {6D1B6C12-CA17-3FC5-82FC-9DD21F8408AB}
		{71D2ED2D-8A49-3321-9071-1B999B5D3CA3} = {71D2ED2D-8A49-3321-9071-1B999B5D3CA3}
		{E6ABEC9D-E564-3D8F-9485-D51142678414} = {E6ABEC9D-E564-3D8F-9485-D51142678414}
		{F2828ABB-03B9-30A8-9CC5-5D640C7669B2} = {F2828ABB-03B9-30A8-9CC5-5D640C7669B2}
		{39854B86-2F27-3D20-A02B-FC27EC4C7DDA} = {39854B86-2F27-3D20-A02B-FC27EC4C7DDA}
		{2E0962B1-8EE1-351C-8921-F2D026F24F1A} = {2E0962B1-8EE1-351C-8921-F2D026F24F1A}
		{30FF7E1E-7FED-3E5F-88E1-2D83E163E2C6} = {30FF7E1E-7FED-3E5F-88E1-2D83E163E2C6}
		{42FCC8A0-33F3-3AF4-A774-40BF01572386} = {42FCC8A0-33F3-3AF4-A774-40BF01572386}
		{2CB5147C-DBCA-347F-82D0-AB8F429DF9E7} = {2CB5147C-DBCA-347F-82D0-AB8F429DF9E7}
		{3AAA8C7B-6FED-38CA-85DD-A1B83FA02899} = {3AAA8C7B-6FED-38CA-85DD-A1B83FA02899}
	EndProjectSection
EndProject
Project("{8BC9CEB8-8B4A-11D0-8D11-00A0C91BC942}") = "opencv_world_AVX", "..\..\modules\world\opencv_world_AVX.vcxproj", "{F2828ABB-03B9-30A8-9CC5-5D640C7669B2}"
	ProjectSection(ProjectDependencies) = postProject
		{345D67E4-7CDB-3963-B172-81D28321CE55} = {345D67E4-7CDB-3963-B172-81D28321CE55}
	EndProjectSection
EndProject
Project("{8BC9CEB8-8B4A-11D0-8D11-00A0C91BC942}") = "opencv_world_AVX2", "..\..\modules\world\opencv_world_AVX2.vcxproj", "{39854B86-2F27-3D20-A02B-FC27EC4C7DDA}"
	ProjectSection(ProjectDependencies) = postProject
		{345D67E4-7CDB-3963-B172-81D28321CE55} = {345D67E4-7CDB-3963-B172-81D28321CE55}
	EndProjectSection
EndProject
Project("{8BC9CEB8-8B4A-11D0-8D11-00A0C91BC942}") = "opencv_world_AVX512_SKX", "..\..\modules\world\opencv_world_AVX512_SKX.vcxproj", "{2E0962B1-8EE1-351C-8921-F2D026F24F1A}"
	ProjectSection(ProjectDependencies) = postProject
		{345D67E4-7CDB-3963-B172-81D28321CE55} = {345D67E4-7CDB-3963-B172-81D28321CE55}
	EndProjectSection
EndProject
Project("{8BC9CEB8-8B4A-11D0-8D11-00A0C91BC942}") = "opencv_world_SSE4_1", "..\..\modules\world\opencv_world_SSE4_1.vcxproj", "{30FF7E1E-7FED-3E5F-88E1-2D83E163E2C6}"
	ProjectSection(ProjectDependencies) = postProject
		{345D67E4-7CDB-3963-B172-81D28321CE55} = {345D67E4-7CDB-3963-B172-81D28321CE55}
	EndProjectSection
EndProject
Project("{8BC9CEB8-8B4A-11D0-8D11-00A0C91BC942}") = "opencv_world_SSE4_2", "..\..\modules\world\opencv_world_SSE4_2.vcxproj", "{42FCC8A0-33F3-3AF4-A774-40BF01572386}"
	ProjectSection(ProjectDependencies) = postProject
		{345D67E4-7CDB-3963-B172-81D28321CE55} = {345D67E4-7CDB-3963-B172-81D28321CE55}
	EndProjectSection
EndProject
Project("{8BC9CEB8-8B4A-11D0-8D11-00A0C91BC942}") = "quirc", "..\..\3rdparty\quirc\quirc.vcxproj", "{2CB5147C-DBCA-347F-82D0-AB8F429DF9E7}"
	ProjectSection(ProjectDependencies) = postProject
		{345D67E4-7CDB-3963-B172-81D28321CE55} = {345D67E4-7CDB-3963-B172-81D28321CE55}
	EndProjectSection
EndProject
Project("{8BC9CEB8-8B4A-11D0-8D11-00A0C91BC942}") = "zlib", "..\..\3rdparty\zlib\zlib.vcxproj", "{3AAA8C7B-6FED-38CA-85DD-A1B83FA02899}"
	ProjectSection(ProjectDependencies) = postProject
		{345D67E4-7CDB-3963-B172-81D28321CE55} = {345D67E4-7CDB-3963-B172-81D28321CE55}
	EndProjectSection
EndProject
Global
	GlobalSection(SolutionConfigurationPlatforms) = preSolution
		Debug|x64 = Debug|x64
		Release|x64 = Release|x64
	EndGlobalSection
	GlobalSection(ProjectConfigurationPlatforms) = postSolution
		{87B0D9C6-A560-3693-8A73-537D3E06B5EF}.Debug|x64.ActiveCfg = Debug|x64
		{87B0D9C6-A560-3693-8A73-537D3E06B5EF}.Debug|x64.Build.0 = Debug|x64
		{87B0D9C6-A560-3693-8A73-537D3E06B5EF}.Release|x64.ActiveCfg = Release|x64
		{87B0D9C6-A560-3693-8A73-537D3E06B5EF}.Release|x64.Build.0 = Release|x64
		{987DFB9C-1123-3049-9140-EC86B20C2FC8}.Debug|x64.ActiveCfg = Debug|x64
		{987DFB9C-1123-3049-9140-EC86B20C2FC8}.Release|x64.ActiveCfg = Release|x64
		{1700C8F8-3A22-3DF2-A962-DB1F71CE34BF}.Debug|x64.ActiveCfg = Debug|x64
		{1700C8F8-3A22-3DF2-A962-DB1F71CE34BF}.Debug|x64.Build.0 = Debug|x64
		{1700C8F8-3A22-3DF2-A962-DB1F71CE34BF}.Release|x64.ActiveCfg = Release|x64
		{1700C8F8-3A22-3DF2-A962-DB1F71CE34BF}.Release|x64.Build.0 = Release|x64
		{55715B3E-1E35-3E51-8C7E-7BC4D7D912B0}.Debug|x64.ActiveCfg = Debug|x64
		{55715B3E-1E35-3E51-8C7E-7BC4D7D912B0}.Release|x64.ActiveCfg = Release|x64
		{7235C041-D661-3ACC-B23F-181F8BC10526}.Debug|x64.ActiveCfg = Debug|x64
		{7235C041-D661-3ACC-B23F-181F8BC10526}.Release|x64.ActiveCfg = Release|x64
		{345D67E4-7CDB-3963-B172-81D28321CE55}.Debug|x64.ActiveCfg = Debug|x64
		{345D67E4-7CDB-3963-B172-81D28321CE55}.Debug|x64.Build.0 = Debug|x64
		{345D67E4-7CDB-3963-B172-81D28321CE55}.Release|x64.ActiveCfg = Release|x64
		{345D67E4-7CDB-3963-B172-81D28321CE55}.Release|x64.Build.0 = Release|x64
		{BC3CF51D-EE16-39E7-92AD-8909F94C57B6}.Debug|x64.ActiveCfg = Debug|x64
		{BC3CF51D-EE16-39E7-92AD-8909F94C57B6}.Debug|x64.Build.0 = Debug|x64
		{BC3CF51D-EE16-39E7-92AD-8909F94C57B6}.Release|x64.ActiveCfg = Release|x64
		{BC3CF51D-EE16-39E7-92AD-8909F94C57B6}.Release|x64.Build.0 = Release|x64
		{1EDBD0D6-FB15-32A8-8086-3E718BFD44DF}.Debug|x64.ActiveCfg = Debug|x64
		{1EDBD0D6-FB15-32A8-8086-3E718BFD44DF}.Debug|x64.Build.0 = Debug|x64
		{1EDBD0D6-FB15-32A8-8086-3E718BFD44DF}.Release|x64.ActiveCfg = Release|x64
		{1EDBD0D6-FB15-32A8-8086-3E718BFD44DF}.Release|x64.Build.0 = Release|x64
		{8A117A14-3A67-36DB-B2EE-86D91092AA76}.Debug|x64.ActiveCfg = Debug|x64
		{8A117A14-3A67-36DB-B2EE-86D91092AA76}.Debug|x64.Build.0 = Debug|x64
		{8A117A14-3A67-36DB-B2EE-86D91092AA76}.Release|x64.ActiveCfg = Release|x64
		{8A117A14-3A67-36DB-B2EE-86D91092AA76}.Release|x64.Build.0 = Release|x64
		{5737E526-AD00-3705-8AAB-848A1100AACA}.Debug|x64.ActiveCfg = Debug|x64
		{5737E526-AD00-3705-8AAB-848A1100AACA}.Debug|x64.Build.0 = Debug|x64
		{5737E526-AD00-3705-8AAB-848A1100AACA}.Release|x64.ActiveCfg = Release|x64
		{5737E526-AD00-3705-8AAB-848A1100AACA}.Release|x64.Build.0 = Release|x64
		{0162BB31-8168-3E4E-851C-6B01F6E2ECFF}.Debug|x64.ActiveCfg = Debug|x64
		{0162BB31-8168-3E4E-851C-6B01F6E2ECFF}.Debug|x64.Build.0 = Debug|x64
		{0162BB31-8168-3E4E-851C-6B01F6E2ECFF}.Release|x64.ActiveCfg = Release|x64
		{0162BB31-8168-3E4E-851C-6B01F6E2ECFF}.Release|x64.Build.0 = Release|x64
		{6DD42129-1C2D-3D39-B98C-7BE1738D7F30}.Debug|x64.ActiveCfg = Debug|x64
		{6DD42129-1C2D-3D39-B98C-7BE1738D7F30}.Debug|x64.Build.0 = Debug|x64
		{6DD42129-1C2D-3D39-B98C-7BE1738D7F30}.Release|x64.ActiveCfg = Release|x64
		{6DD42129-1C2D-3D39-B98C-7BE1738D7F30}.Release|x64.Build.0 = Release|x64
		{95D7B59B-8AA2-321F-B176-B88C07DBED0F}.Debug|x64.ActiveCfg = Debug|x64
		{95D7B59B-8AA2-321F-B176-B88C07DBED0F}.Debug|x64.Build.0 = Debug|x64
		{95D7B59B-8AA2-321F-B176-B88C07DBED0F}.Release|x64.ActiveCfg = Release|x64
		{95D7B59B-8AA2-321F-B176-B88C07DBED0F}.Release|x64.Build.0 = Release|x64
		{DD6A9DDF-09AA-3681-962F-F4B8B7D45B38}.Debug|x64.ActiveCfg = Debug|x64
		{DD6A9DDF-09AA-3681-962F-F4B8B7D45B38}.Debug|x64.Build.0 = Debug|x64
		{DD6A9DDF-09AA-3681-962F-F4B8B7D45B38}.Release|x64.ActiveCfg = Release|x64
		{DD6A9DDF-09AA-3681-962F-F4B8B7D45B38}.Release|x64.Build.0 = Release|x64
		{873148AF-6E13-350D-88DD-E40A96FC0D23}.Debug|x64.ActiveCfg = Debug|x64
		{873148AF-6E13-350D-88DD-E40A96FC0D23}.Debug|x64.Build.0 = Debug|x64
		{873148AF-6E13-350D-88DD-E40A96FC0D23}.Release|x64.ActiveCfg = Release|x64
		{873148AF-6E13-350D-88DD-E40A96FC0D23}.Release|x64.Build.0 = Release|x64
		{E5751703-171A-3DA5-B0DE-67E689CE28F9}.Debug|x64.ActiveCfg = Debug|x64
		{E5751703-171A-3DA5-B0DE-67E689CE28F9}.Debug|x64.Build.0 = Debug|x64
		{E5751703-171A-3DA5-B0DE-67E689CE28F9}.Release|x64.ActiveCfg = Release|x64
		{E5751703-171A-3DA5-B0DE-67E689CE28F9}.Release|x64.Build.0 = Release|x64
		{C1863F68-1A51-379F-81B8-24380A465151}.Debug|x64.ActiveCfg = Debug|x64
		{C1863F68-1A51-379F-81B8-24380A465151}.Debug|x64.Build.0 = Debug|x64
		{C1863F68-1A51-379F-81B8-24380A465151}.Release|x64.ActiveCfg = Release|x64
		{C1863F68-1A51-379F-81B8-24380A465151}.Release|x64.Build.0 = Release|x64
		{F2B10AE4-19F4-382F-851B-66B6786BF053}.Debug|x64.ActiveCfg = Debug|x64
		{F2B10AE4-19F4-382F-851B-66B6786BF053}.Debug|x64.Build.0 = Debug|x64
		{F2B10AE4-19F4-382F-851B-66B6786BF053}.Release|x64.ActiveCfg = Release|x64
		{F2B10AE4-19F4-382F-851B-66B6786BF053}.Release|x64.Build.0 = Release|x64
		{961B7CC1-DC1D-3FC1-AED8-C094C6E9D639}.Debug|x64.ActiveCfg = Debug|x64
		{961B7CC1-DC1D-3FC1-AED8-C094C6E9D639}.Debug|x64.Build.0 = Debug|x64
		{961B7CC1-DC1D-3FC1-AED8-C094C6E9D639}.Release|x64.ActiveCfg = Release|x64
		{961B7CC1-DC1D-3FC1-AED8-C094C6E9D639}.Release|x64.Build.0 = Release|x64
		{B5926A1B-EA36-38C7-B303-F0C95F21D904}.Debug|x64.ActiveCfg = Debug|x64
		{B5926A1B-EA36-38C7-B303-F0C95F21D904}.Debug|x64.Build.0 = Debug|x64
		{B5926A1B-EA36-38C7-B303-F0C95F21D904}.Release|x64.ActiveCfg = Release|x64
		{B5926A1B-EA36-38C7-B303-F0C95F21D904}.Release|x64.Build.0 = Release|x64
		{7A7F45D3-752F-354C-AD97-5F398D388AB9}.Debug|x64.ActiveCfg = Debug|x64
		{7A7F45D3-752F-354C-AD97-5F398D388AB9}.Debug|x64.Build.0 = Debug|x64
		{7A7F45D3-752F-354C-AD97-5F398D388AB9}.Release|x64.ActiveCfg = Release|x64
		{7A7F45D3-752F-354C-AD97-5F398D388AB9}.Release|x64.Build.0 = Release|x64
		{D18B363A-5502-352A-8872-FF1243B2A230}.Debug|x64.ActiveCfg = Debug|x64
		{D18B363A-5502-352A-8872-FF1243B2A230}.Debug|x64.Build.0 = Debug|x64
		{D18B363A-5502-352A-8872-FF1243B2A230}.Release|x64.ActiveCfg = Release|x64
		{D18B363A-5502-352A-8872-FF1243B2A230}.Release|x64.Build.0 = Release|x64
		{83665C2E-702A-34DD-908A-4F7C2AB9B729}.Debug|x64.ActiveCfg = Debug|x64
		{83665C2E-702A-34DD-908A-4F7C2AB9B729}.Debug|x64.Build.0 = Debug|x64
		{83665C2E-702A-34DD-908A-4F7C2AB9B729}.Release|x64.ActiveCfg = Release|x64
		{83665C2E-702A-34DD-908A-4F7C2AB9B729}.Release|x64.Build.0 = Release|x64
		{AD316D73-B2D5-3C38-8434-F625E16E53A2}.Debug|x64.ActiveCfg = Debug|x64
		{AD316D73-B2D5-3C38-8434-F625E16E53A2}.Debug|x64.Build.0 = Debug|x64
		{AD316D73-B2D5-3C38-8434-F625E16E53A2}.Release|x64.ActiveCfg = Release|x64
		{AD316D73-B2D5-3C38-8434-F625E16E53A2}.Release|x64.Build.0 = Release|x64
		{8B4EAF01-3162-3BAA-87B1-D1A6B753D5F5}.Debug|x64.ActiveCfg = Debug|x64
		{8B4EAF01-3162-3BAA-87B1-D1A6B753D5F5}.Debug|x64.Build.0 = Debug|x64
		{8B4EAF01-3162-3BAA-87B1-D1A6B753D5F5}.Release|x64.ActiveCfg = Release|x64
		{8B4EAF01-3162-3BAA-87B1-D1A6B753D5F5}.Release|x64.Build.0 = Release|x64
		{6D1B6C12-CA17-3FC5-82FC-9DD21F8408AB}.Debug|x64.ActiveCfg = Debug|x64
		{6D1B6C12-CA17-3FC5-82FC-9DD21F8408AB}.Debug|x64.Build.0 = Debug|x64
		{6D1B6C12-CA17-3FC5-82FC-9DD21F8408AB}.Release|x64.ActiveCfg = Release|x64
		{6D1B6C12-CA17-3FC5-82FC-9DD21F8408AB}.Release|x64.Build.0 = Release|x64
		{71D2ED2D-8A49-3321-9071-1B999B5D3CA3}.Debug|x64.ActiveCfg = Debug|x64
		{71D2ED2D-8A49-3321-9071-1B999B5D3CA3}.Debug|x64.Build.0 = Debug|x64
		{71D2ED2D-8A49-3321-9071-1B999B5D3CA3}.Release|x64.ActiveCfg = Release|x64
		{71D2ED2D-8A49-3321-9071-1B999B5D3CA3}.Release|x64.Build.0 = Release|x64
		{E6ABEC9D-E564-3D8F-9485-D51142678414}.Debug|x64.ActiveCfg = Debug|x64
		{E6ABEC9D-E564-3D8F-9485-D51142678414}.Debug|x64.Build.0 = Debug|x64
		{E6ABEC9D-E564-3D8F-9485-D51142678414}.Release|x64.ActiveCfg = Release|x64
		{E6ABEC9D-E564-3D8F-9485-D51142678414}.Release|x64.Build.0 = Release|x64
		{8B692E3F-27D9-3C48-8952-313846C07B27}.Debug|x64.ActiveCfg = Debug|x64
		{8B692E3F-27D9-3C48-8952-313846C07B27}.Release|x64.ActiveCfg = Release|x64
		{B1B47649-6AA3-3174-991B-AAA5D0A8490B}.Debug|x64.ActiveCfg = Debug|x64
		{B1B47649-6AA3-3174-991B-AAA5D0A8490B}.Debug|x64.Build.0 = Debug|x64
		{B1B47649-6AA3-3174-991B-AAA5D0A8490B}.Release|x64.ActiveCfg = Release|x64
		{B1B47649-6AA3-3174-991B-AAA5D0A8490B}.Release|x64.Build.0 = Release|x64
		{F2828ABB-03B9-30A8-9CC5-5D640C7669B2}.Debug|x64.ActiveCfg = Debug|x64
		{F2828ABB-03B9-30A8-9CC5-5D640C7669B2}.Debug|x64.Build.0 = Debug|x64
		{F2828ABB-03B9-30A8-9CC5-5D640C7669B2}.Release|x64.ActiveCfg = Release|x64
		{F2828ABB-03B9-30A8-9CC5-5D640C7669B2}.Release|x64.Build.0 = Release|x64
		{39854B86-2F27-3D20-A02B-FC27EC4C7DDA}.Debug|x64.ActiveCfg = Debug|x64
		{39854B86-2F27-3D20-A02B-FC27EC4C7DDA}.Debug|x64.Build.0 = Debug|x64
		{39854B86-2F27-3D20-A02B-FC27EC4C7DDA}.Release|x64.ActiveCfg = Release|x64
		{39854B86-2F27-3D20-A02B-FC27EC4C7DDA}.Release|x64.Build.0 = Release|x64
		{2E0962B1-8EE1-351C-8921-F2D026F24F1A}.Debug|x64.ActiveCfg = Debug|x64
		{2E0962B1-8EE1-351C-8921-F2D026F24F1A}.Debug|x64.Build.0 = Debug|x64
		{2E0962B1-8EE1-351C-8921-F2D026F24F1A}.Release|x64.ActiveCfg = Release|x64
		{2E0962B1-8EE1-351C-8921-F2D026F24F1A}.Release|x64.Build.0 = Release|x64
		{30FF7E1E-7FED-3E5F-88E1-2D83E163E2C6}.Debug|x64.ActiveCfg = Debug|x64
		{30FF7E1E-7FED-3E5F-88E1-2D83E163E2C6}.Debug|x64.Build.0 = Debug|x64
		{30FF7E1E-7FED-3E5F-88E1-2D83E163E2C6}.Release|x64.ActiveCfg = Release|x64
		{30FF7E1E-7FED-3E5F-88E1-2D83E163E2C6}.Release|x64.Build.0 = Release|x64
		{42FCC8A0-33F3-3AF4-A774-40BF01572386}.Debug|x64.ActiveCfg = Debug|x64
		{42FCC8A0-33F3-3AF4-A774-40BF01572386}.Debug|x64.Build.0 = Debug|x64
		{42FCC8A0-33F3-3AF4-A774-40BF01572386}.Release|x64.ActiveCfg = Release|x64
		{42FCC8A0-33F3-3AF4-A774-40BF01572386}.Release|x64.Build.0 = Release|x64
		{2CB5147C-DBCA-347F-82D0-AB8F429DF9E7}.Debug|x64.ActiveCfg = Debug|x64
		{2CB5147C-DBCA-347F-82D0-AB8F429DF9E7}.Debug|x64.Build.0 = Debug|x64
		{2CB5147C-DBCA-347F-82D0-AB8F429DF9E7}.Release|x64.ActiveCfg = Release|x64
		{2CB5147C-DBCA-347F-82D0-AB8F429DF9E7}.Release|x64.Build.0 = Release|x64
		{3AAA8C7B-6FED-38CA-85DD-A1B83FA02899}.Debug|x64.ActiveCfg = Debug|x64
		{3AAA8C7B-6FED-38CA-85DD-A1B83FA02899}.Debug|x64.Build.0 = Debug|x64
		{3AAA8C7B-6FED-38CA-85DD-A1B83FA02899}.Release|x64.ActiveCfg = Release|x64
		{3AAA8C7B-6FED-38CA-85DD-A1B83FA02899}.Release|x64.Build.0 = Release|x64
	EndGlobalSection
	GlobalSection(NestedProjects) = preSolution
		{1700C8F8-3A22-3DF2-A962-DB1F71CE34BF} = {2E4AA1A6-C758-37BB-A0D9-4A348131A522}
		{BC3CF51D-EE16-39E7-92AD-8909F94C57B6} = {2E4AA1A6-C758-37BB-A0D9-4A348131A522}
		{D18B363A-5502-352A-8872-FF1243B2A230} = {2E4AA1A6-C758-37BB-A0D9-4A348131A522}
		{83665C2E-702A-34DD-908A-4F7C2AB9B729} = {2E4AA1A6-C758-37BB-A0D9-4A348131A522}
		{AD316D73-B2D5-3C38-8434-F625E16E53A2} = {2E4AA1A6-C758-37BB-A0D9-4A348131A522}
		{8B4EAF01-3162-3BAA-87B1-D1A6B753D5F5} = {2E4AA1A6-C758-37BB-A0D9-4A348131A522}
		{6D1B6C12-CA17-3FC5-82FC-9DD21F8408AB} = {2E4AA1A6-C758-37BB-A0D9-4A348131A522}
		{71D2ED2D-8A49-3321-9071-1B999B5D3CA3} = {2E4AA1A6-C758-37BB-A0D9-4A348131A522}
		{E6ABEC9D-E564-3D8F-9485-D51142678414} = {2E4AA1A6-C758-37BB-A0D9-4A348131A522}
		{2CB5147C-DBCA-347F-82D0-AB8F429DF9E7} = {2E4AA1A6-C758-37BB-A0D9-4A348131A522}
		{3AAA8C7B-6FED-38CA-85DD-A1B83FA02899} = {2E4AA1A6-C758-37BB-A0D9-4A348131A522}
		{87B0D9C6-A560-3693-8A73-537D3E06B5EF} = {115CF9B8-19A5-343C-894B-1CE05D051988}
		{987DFB9C-1123-3049-9140-EC86B20C2FC8} = {115CF9B8-19A5-343C-894B-1CE05D051988}
		{55715B3E-1E35-3E51-8C7E-7BC4D7D912B0} = {115CF9B8-19A5-343C-894B-1CE05D051988}
		{7235C041-D661-3ACC-B23F-181F8BC10526} = {115CF9B8-19A5-343C-894B-1CE05D051988}
		{345D67E4-7CDB-3963-B172-81D28321CE55} = {115CF9B8-19A5-343C-894B-1CE05D051988}
		{F2828ABB-03B9-30A8-9CC5-5D640C7669B2} = {C7DE11DD-9EBB-3492-9111-D56C5B00E54B}
		{39854B86-2F27-3D20-A02B-FC27EC4C7DDA} = {C7DE11DD-9EBB-3492-9111-D56C5B00E54B}
		{2E0962B1-8EE1-351C-8921-F2D026F24F1A} = {C7DE11DD-9EBB-3492-9111-D56C5B00E54B}
		{30FF7E1E-7FED-3E5F-88E1-2D83E163E2C6} = {C7DE11DD-9EBB-3492-9111-D56C5B00E54B}
		{42FCC8A0-33F3-3AF4-A774-40BF01572386} = {C7DE11DD-9EBB-3492-9111-D56C5B00E54B}
		{B1B47649-6AA3-3174-991B-AAA5D0A8490B} = {7FA1FE64-B266-39B4-83EA-1506A33B7C3D}
		{19DECA40-D66C-3560-BC8D-59662616D55B} = {524BFE2A-F9E8-3258-85DE-A92EAB12AE74}
		{1EDBD0D6-FB15-32A8-8086-3E718BFD44DF} = {19DECA40-D66C-3560-BC8D-59662616D55B}
		{8A117A14-3A67-36DB-B2EE-86D91092AA76} = {19DECA40-D66C-3560-BC8D-59662616D55B}
		{5737E526-AD00-3705-8AAB-848A1100AACA} = {19DECA40-D66C-3560-BC8D-59662616D55B}
		{0162BB31-8168-3E4E-851C-6B01F6E2ECFF} = {19DECA40-D66C-3560-BC8D-59662616D55B}
		{6DD42129-1C2D-3D39-B98C-7BE1738D7F30} = {19DECA40-D66C-3560-BC8D-59662616D55B}
		{95D7B59B-8AA2-321F-B176-B88C07DBED0F} = {19DECA40-D66C-3560-BC8D-59662616D55B}
		{DD6A9DDF-09AA-3681-962F-F4B8B7D45B38} = {19DECA40-D66C-3560-BC8D-59662616D55B}
		{873148AF-6E13-350D-88DD-E40A96FC0D23} = {19DECA40-D66C-3560-BC8D-59662616D55B}
		{E5751703-171A-3DA5-B0DE-67E689CE28F9} = {19DECA40-D66C-3560-BC8D-59662616D55B}
		{C1863F68-1A51-379F-81B8-24380A465151} = {19DECA40-D66C-3560-BC8D-59662616D55B}
		{F2B10AE4-19F4-382F-851B-66B6786BF053} = {19DECA40-D66C-3560-BC8D-59662616D55B}
		{961B7CC1-DC1D-3FC1-AED8-C094C6E9D639} = {19DECA40-D66C-3560-BC8D-59662616D55B}
		{B5926A1B-EA36-38C7-B303-F0C95F21D904} = {19DECA40-D66C-3560-BC8D-59662616D55B}
		{7A7F45D3-752F-354C-AD97-5F398D388AB9} = {19DECA40-D66C-3560-BC8D-59662616D55B}
	EndGlobalSection
	GlobalSection(ExtensibilityGlobals) = postSolution
		SolutionGuid = {B398228C-7242-3971-AAE9-A43A77E7935E}
	EndGlobalSection
	GlobalSection(ExtensibilityAddIns) = postSolution
	EndGlobalSection
EndGlobal
