
Microsoft Visual Studio Solution File, Format Version 12.00
# Visual Studio 15
Project("{2150E333-8FDC-42A3-9474-1A3956D46DE8}") = "3rdparty", "3rdparty", "{2E4AA1A6-C758-37BB-A0D9-4A348131A522}"
EndProject
Project("{2150E333-8FDC-42A3-9474-1A3956D46DE8}") = "CMakeTargets", "CMakeTargets", "{115CF9B8-19A5-343C-894B-1CE05D051988}"
EndProject
Project("{2150E333-8FDC-42A3-9474-1A3956D46DE8}") = "dispatched", "dispatched", "{C7DE11DD-9EBB-3492-9111-D56C5B00E54B}"
EndProject
Project("{2150E333-8FDC-42A3-9474-1A3956D46DE8}") = "modules", "modules", "{7FA1FE64-B266-39B4-83EA-1506A33B7C3D}"
EndProject
Project("{2150E333-8FDC-42A3-9474-1A3956D46DE8}") = "samples", "samples", "{524BFE2A-F9E8-3258-85DE-A92EAB12AE74}"
EndProject
Project("{2150E333-8FDC-42A3-9474-1A3956D46DE8}") = "directx", "samples\directx", "{C8182561-61CE-37A9-8371-8D9698194CFF}"
EndProject
Project("{8BC9CEB8-8B4A-11D0-8D11-00A0C91BC942}") = "ALL_BUILD", "ALL_BUILD.vcxproj", "{87B0D9C6-A560-3693-8A73-537D3E06B5EF}"
	ProjectSection(ProjectDependencies) = postProject
		{345D67E4-7CDB-3963-B172-81D28321CE55} = {345D67E4-7CDB-3963-B172-81D28321CE55}
		{796BEAAF-2DD1-3644-9811-A15D49DF36A0} = {796BEAAF-2DD1-3644-9811-A15D49DF36A0}
		{AFBF751A-3189-3762-8AB2-EF854C5D06A6} = {AFBF751A-3189-3762-8AB2-EF854C5D06A6}
		{1015AC63-503E-3361-BB1B-97FE61CD1A01} = {1015AC63-503E-3361-BB1B-97FE61CD1A01}
		{8EA1F2C8-FEC1-3485-BB63-4FCE3A2691ED} = {8EA1F2C8-FEC1-3485-BB63-4FCE3A2691ED}
	EndProjectSection
EndProject
Project("{8BC9CEB8-8B4A-11D0-8D11-00A0C91BC942}") = "INSTALL", "INSTALL.vcxproj", "{987DFB9C-1123-3049-9140-EC86B20C2FC8}"
	ProjectSection(ProjectDependencies) = postProject
		{87B0D9C6-A560-3693-8A73-537D3E06B5EF} = {87B0D9C6-A560-3693-8A73-537D3E06B5EF}
		{345D67E4-7CDB-3963-B172-81D28321CE55} = {345D67E4-7CDB-3963-B172-81D28321CE55}
	EndProjectSection
EndProject
Project("{8BC9CEB8-8B4A-11D0-8D11-00A0C91BC942}") = "IlmImf", "..\..\3rdparty\openexr\IlmImf.vcxproj", "{1700C8F8-3A22-3DF2-A962-DB1F71CE34BF}"
	ProjectSection(ProjectDependencies) = postProject
		{345D67E4-7CDB-3963-B172-81D28321CE55} = {345D67E4-7CDB-3963-B172-81D28321CE55}
		{3AAA8C7B-6FED-38CA-85DD-A1B83FA02899} = {3AAA8C7B-6FED-38CA-85DD-A1B83FA02899}
	EndProjectSection
EndProject
Project("{8BC9CEB8-8B4A-11D0-8D11-00A0C91BC942}") = "PACKAGE", "PACKAGE.vcxproj", "{55715B3E-1E35-3E51-8C7E-7BC4D7D912B0}"
	ProjectSection(ProjectDependencies) = postProject
		{87B0D9C6-A560-3693-8A73-537D3E06B5EF} = {87B0D9C6-A560-3693-8A73-537D3E06B5EF}
		{345D67E4-7CDB-3963-B172-81D28321CE55} = {345D67E4-7CDB-3963-B172-81D28321CE55}
	EndProjectSection
EndProject
Project("{8BC9CEB8-8B4A-11D0-8D11-00A0C91BC942}") = "RUN_TESTS", "RUN_TESTS.vcxproj", "{7235C041-D661-3ACC-B23F-181F8BC10526}"
	ProjectSection(ProjectDependencies) = postProject
		{345D67E4-7CDB-3963-B172-81D28321CE55} = {345D67E4-7CDB-3963-B172-81D28321CE55}
	EndProjectSection
EndProject
Project("{8BC9CEB8-8B4A-11D0-8D11-00A0C91BC942}") = "ZERO_CHECK", "..\..\\ZERO_CHECK.vcxproj", "{345D67E4-7CDB-3963-B172-81D28321CE55}"
	ProjectSection(ProjectDependencies) = postProject
	EndProjectSection
EndProject
Project("{8BC9CEB8-8B4A-11D0-8D11-00A0C91BC942}") = "ade", "..\..\\ade.vcxproj", "{BC3CF51D-EE16-39E7-92AD-8909F94C57B6}"
	ProjectSection(ProjectDependencies) = postProject
		{345D67E4-7CDB-3963-B172-81D28321CE55} = {345D67E4-7CDB-3963-B172-81D28321CE55}
	EndProjectSection
EndProject
Project("{8BC9CEB8-8B4A-11D0-8D11-00A0C91BC942}") = "example_directx_d3d10_interop", "example_directx_d3d10_interop.vcxproj", "{796BEAAF-2DD1-3644-9811-A15D49DF36A0}"
	ProjectSection(ProjectDependencies) = postProject
		{345D67E4-7CDB-3963-B172-81D28321CE55} = {345D67E4-7CDB-3963-B172-81D28321CE55}
		{B1B47649-6AA3-3174-991B-AAA5D0A8490B} = {B1B47649-6AA3-3174-991B-AAA5D0A8490B}
	EndProjectSection
EndProject
Project("{8BC9CEB8-8B4A-11D0-8D11-00A0C91BC942}") = "example_directx_d3d11_interop", "example_directx_d3d11_interop.vcxproj", "{AFBF751A-3189-3762-8AB2-EF854C5D06A6}"
	ProjectSection(ProjectDependencies) = postProject
		{345D67E4-7CDB-3963-B172-81D28321CE55} = {345D67E4-7CDB-3963-B172-81D28321CE55}
		{B1B47649-6AA3-3174-991B-AAA5D0A8490B} = {B1B47649-6AA3-3174-991B-AAA5D0A8490B}
	EndProjectSection
EndProject
Project("{8BC9CEB8-8B4A-11D0-8D11-00A0C91BC942}") = "example_directx_d3d9_interop", "example_directx_d3d9_interop.vcxproj", "{1015AC63-503E-3361-BB1B-97FE61CD1A01}"
	ProjectSection(ProjectDependencies) = postProject
		{345D67E4-7CDB-3963-B172-81D28321CE55} = {345D67E4-7CDB-3963-B172-81D28321CE55}
		{B1B47649-6AA3-3174-991B-AAA5D0A8490B} = {B1B47649-6AA3-3174-991B-AAA5D0A8490B}
	EndProjectSection
EndProject
Project("{8BC9CEB8-8B4A-11D0-8D11-00A0C91BC942}") = "example_directx_d3d9ex_interop", "example_directx_d3d9ex_interop.vcxproj", "{8EA1F2C8-FEC1-3485-BB63-4FCE3A2691ED}"
	ProjectSection(ProjectDependencies) = postProject
		{345D67E4-7CDB-3963-B172-81D28321CE55} = {345D67E4-7CDB-3963-B172-81D28321CE55}
		{B1B47649-6AA3-3174-991B-AAA5D0A8490B} = {B1B47649-6AA3-3174-991B-AAA5D0A8490B}
	EndProjectSection
EndProject
Project("{8BC9CEB8-8B4A-11D0-8D11-00A0C91BC942}") = "ittnotify", "..\..\3rdparty\ittnotify\ittnotify.vcxproj", "{D18B363A-5502-352A-8872-FF1243B2A230}"
	ProjectSection(ProjectDependencies) = postProject
		{345D67E4-7CDB-3963-B172-81D28321CE55} = {345D67E4-7CDB-3963-B172-81D28321CE55}
	EndProjectSection
EndProject
Project("{8BC9CEB8-8B4A-11D0-8D11-00A0C91BC942}") = "libjpeg-turbo", "..\..\3rdparty\libjpeg-turbo\libjpeg-turbo.vcxproj", "{83665C2E-702A-34DD-908A-4F7C2AB9B729}"
	ProjectSection(ProjectDependencies) = postProject
		{345D67E4-7CDB-3963-B172-81D28321CE55} = {345D67E4-7CDB-3963-B172-81D28321CE55}
	EndProjectSection
EndProject
Project("{8BC9CEB8-8B4A-11D0-8D11-00A0C91BC942}") = "libopenjp2", "..\..\3rdparty\openjpeg\openjp2\libopenjp2.vcxproj", "{AD316D73-B2D5-3C38-8434-F625E16E53A2}"
	ProjectSection(ProjectDependencies) = postProject
		{345D67E4-7CDB-3963-B172-81D28321CE55} = {345D67E4-7CDB-3963-B172-81D28321CE55}
	EndProjectSection
EndProject
Project("{8BC9CEB8-8B4A-11D0-8D11-00A0C91BC942}") = "libpng", "..\..\3rdparty\libpng\libpng.vcxproj", "{8B4EAF01-3162-3BAA-87B1-D1A6B753D5F5}"
	ProjectSection(ProjectDependencies) = postProject
		{345D67E4-7CDB-3963-B172-81D28321CE55} = {345D67E4-7CDB-3963-B172-81D28321CE55}
		{3AAA8C7B-6FED-38CA-85DD-A1B83FA02899} = {3AAA8C7B-6FED-38CA-85DD-A1B83FA02899}
	EndProjectSection
EndProject
Project("{8BC9CEB8-8B4A-11D0-8D11-00A0C91BC942}") = "libprotobuf", "..\..\3rdparty\protobuf\libprotobuf.vcxproj", "{6D1B6C12-CA17-3FC5-82FC-9DD21F8408AB}"
	ProjectSection(ProjectDependencies) = postProject
		{345D67E4-7CDB-3963-B172-81D28321CE55} = {345D67E4-7CDB-3963-B172-81D28321CE55}
	EndProjectSection
EndProject
Project("{8BC9CEB8-8B4A-11D0-8D11-00A0C91BC942}") = "libtiff", "..\..\3rdparty\libtiff\libtiff.vcxproj", "{71D2ED2D-8A49-3321-9071-1B999B5D3CA3}"
	ProjectSection(ProjectDependencies) = postProject
		{345D67E4-7CDB-3963-B172-81D28321CE55} = {345D67E4-7CDB-3963-B172-81D28321CE55}
		{3AAA8C7B-6FED-38CA-85DD-A1B83FA02899} = {3AAA8C7B-6FED-38CA-85DD-A1B83FA02899}
	EndProjectSection
EndProject
Project("{8BC9CEB8-8B4A-11D0-8D11-00A0C91BC942}") = "libwebp", "..\..\3rdparty\libwebp\libwebp.vcxproj", "{E6ABEC9D-E564-3D8F-9485-D51142678414}"
	ProjectSection(ProjectDependencies) = postProject
		{345D67E4-7CDB-3963-B172-81D28321CE55} = {345D67E4-7CDB-3963-B172-81D28321CE55}
	EndProjectSection
EndProject
Project("{8BC9CEB8-8B4A-11D0-8D11-00A0C91BC942}") = "opencv_samples_directx", "opencv_samples_directx.vcxproj", "{81E509D8-BEBA-3042-A73D-0E0737BE4F49}"
	ProjectSection(ProjectDependencies) = postProject
		{345D67E4-7CDB-3963-B172-81D28321CE55} = {345D67E4-7CDB-3963-B172-81D28321CE55}
		{796BEAAF-2DD1-3644-9811-A15D49DF36A0} = {796BEAAF-2DD1-3644-9811-A15D49DF36A0}
		{AFBF751A-3189-3762-8AB2-EF854C5D06A6} = {AFBF751A-3189-3762-8AB2-EF854C5D06A6}
		{1015AC63-503E-3361-BB1B-97FE61CD1A01} = {1015AC63-503E-3361-BB1B-97FE61CD1A01}
		{8EA1F2C8-FEC1-3485-BB63-4FCE3A2691ED} = {8EA1F2C8-FEC1-3485-BB63-4FCE3A2691ED}
	EndProjectSection
EndProject
Project("{8BC9CEB8-8B4A-11D0-8D11-00A0C91BC942}") = "opencv_world", "..\..\modules\world\opencv_world.vcxproj", "{B1B47649-6AA3-3174-991B-AAA5D0A8490B}"
	ProjectSection(ProjectDependencies) = postProject
		{1700C8F8-3A22-3DF2-A962-DB1F71CE34BF} = {1700C8F8-3A22-3DF2-A962-DB1F71CE34BF}
		{345D67E4-7CDB-3963-B172-81D28321CE55} = {345D67E4-7CDB-3963-B172-81D28321CE55}
		{BC3CF51D-EE16-39E7-92AD-8909F94C57B6} = {BC3CF51D-EE16-39E7-92AD-8909F94C57B6}
		{D18B363A-5502-352A-8872-FF1243B2A230} = {D18B363A-5502-352A-8872-FF1243B2A230}
		{83665C2E-702A-34DD-908A-4F7C2AB9B729} = {83665C2E-702A-34DD-908A-4F7C2AB9B729}
		{AD316D73-B2D5-3C38-8434-F625E16E53A2} = {AD316D73-B2D5-3C38-8434-F625E16E53A2}
		{8B4EAF01-3162-3BAA-87B1-D1A6B753D5F5} = {8B4EAF01-3162-3BAA-87B1-D1A6B753D5F5}
		{6D1B6C12-CA17-3FC5-82FC-9DD21F8408AB} = {6D1B6C12-CA17-3FC5-82FC-9DD21F8408AB}
		{71D2ED2D-8A49-3321-9071-1B999B5D3CA3} = {71D2ED2D-8A49-3321-9071-1B999B5D3CA3}
		{E6ABEC9D-E564-3D8F-9485-D51142678414} = {E6ABEC9D-E564-3D8F-9485-D51142678414}
		{F2828ABB-03B9-30A8-9CC5-5D640C7669B2} = {F2828ABB-03B9-30A8-9CC5-5D640C7669B2}
		{39854B86-2F27-3D20-A02B-FC27EC4C7DDA} = {39854B86-2F27-3D20-A02B-FC27EC4C7DDA}
		{2E0962B1-8EE1-351C-8921-F2D026F24F1A} = {2E0962B1-8EE1-351C-8921-F2D026F24F1A}
		{30FF7E1E-7FED-3E5F-88E1-2D83E163E2C6} = {30FF7E1E-7FED-3E5F-88E1-2D83E163E2C6}
		{42FCC8A0-33F3-3AF4-A774-40BF01572386} = {42FCC8A0-33F3-3AF4-A774-40BF01572386}
		{2CB5147C-DBCA-347F-82D0-AB8F429DF9E7} = {2CB5147C-DBCA-347F-82D0-AB8F429DF9E7}
		{3AAA8C7B-6FED-38CA-85DD-A1B83FA02899} = {3AAA8C7B-6FED-38CA-85DD-A1B83FA02899}
	EndProjectSection
EndProject
Project("{8BC9CEB8-8B4A-11D0-8D11-00A0C91BC942}") = "opencv_world_AVX", "..\..\modules\world\opencv_world_AVX.vcxproj", "{F2828ABB-03B9-30A8-9CC5-5D640C7669B2}"
	ProjectSection(ProjectDependencies) = postProject
		{345D67E4-7CDB-3963-B172-81D28321CE55} = {345D67E4-7CDB-3963-B172-81D28321CE55}
	EndProjectSection
EndProject
Project("{8BC9CEB8-8B4A-11D0-8D11-00A0C91BC942}") = "opencv_world_AVX2", "..\..\modules\world\opencv_world_AVX2.vcxproj", "{39854B86-2F27-3D20-A02B-FC27EC4C7DDA}"
	ProjectSection(ProjectDependencies) = postProject
		{345D67E4-7CDB-3963-B172-81D28321CE55} = {345D67E4-7CDB-3963-B172-81D28321CE55}
	EndProjectSection
EndProject
Project("{8BC9CEB8-8B4A-11D0-8D11-00A0C91BC942}") = "opencv_world_AVX512_SKX", "..\..\modules\world\opencv_world_AVX512_SKX.vcxproj", "{2E0962B1-8EE1-351C-8921-F2D026F24F1A}"
	ProjectSection(ProjectDependencies) = postProject
		{345D67E4-7CDB-3963-B172-81D28321CE55} = {345D67E4-7CDB-3963-B172-81D28321CE55}
	EndProjectSection
EndProject
Project("{8BC9CEB8-8B4A-11D0-8D11-00A0C91BC942}") = "opencv_world_SSE4_1", "..\..\modules\world\opencv_world_SSE4_1.vcxproj", "{30FF7E1E-7FED-3E5F-88E1-2D83E163E2C6}"
	ProjectSection(ProjectDependencies) = postProject
		{345D67E4-7CDB-3963-B172-81D28321CE55} = {345D67E4-7CDB-3963-B172-81D28321CE55}
	EndProjectSection
EndProject
Project("{8BC9CEB8-8B4A-11D0-8D11-00A0C91BC942}") = "opencv_world_SSE4_2", "..\..\modules\world\opencv_world_SSE4_2.vcxproj", "{42FCC8A0-33F3-3AF4-A774-40BF01572386}"
	ProjectSection(ProjectDependencies) = postProject
		{345D67E4-7CDB-3963-B172-81D28321CE55} = {345D67E4-7CDB-3963-B172-81D28321CE55}
	EndProjectSection
EndProject
Project("{8BC9CEB8-8B4A-11D0-8D11-00A0C91BC942}") = "quirc", "..\..\3rdparty\quirc\quirc.vcxproj", "{2CB5147C-DBCA-347F-82D0-AB8F429DF9E7}"
	ProjectSection(ProjectDependencies) = postProject
		{345D67E4-7CDB-3963-B172-81D28321CE55} = {345D67E4-7CDB-3963-B172-81D28321CE55}
	EndProjectSection
EndProject
Project("{8BC9CEB8-8B4A-11D0-8D11-00A0C91BC942}") = "zlib", "..\..\3rdparty\zlib\zlib.vcxproj", "{3AAA8C7B-6FED-38CA-85DD-A1B83FA02899}"
	ProjectSection(ProjectDependencies) = postProject
		{345D67E4-7CDB-3963-B172-81D28321CE55} = {345D67E4-7CDB-3963-B172-81D28321CE55}
	EndProjectSection
EndProject
Global
	GlobalSection(SolutionConfigurationPlatforms) = preSolution
		Debug|x64 = Debug|x64
		Release|x64 = Release|x64
	EndGlobalSection
	GlobalSection(ProjectConfigurationPlatforms) = postSolution
		{87B0D9C6-A560-3693-8A73-537D3E06B5EF}.Debug|x64.ActiveCfg = Debug|x64
		{87B0D9C6-A560-3693-8A73-537D3E06B5EF}.Debug|x64.Build.0 = Debug|x64
		{87B0D9C6-A560-3693-8A73-537D3E06B5EF}.Release|x64.ActiveCfg = Release|x64
		{87B0D9C6-A560-3693-8A73-537D3E06B5EF}.Release|x64.Build.0 = Release|x64
		{987DFB9C-1123-3049-9140-EC86B20C2FC8}.Debug|x64.ActiveCfg = Debug|x64
		{987DFB9C-1123-3049-9140-EC86B20C2FC8}.Release|x64.ActiveCfg = Release|x64
		{1700C8F8-3A22-3DF2-A962-DB1F71CE34BF}.Debug|x64.ActiveCfg = Debug|x64
		{1700C8F8-3A22-3DF2-A962-DB1F71CE34BF}.Debug|x64.Build.0 = Debug|x64
		{1700C8F8-3A22-3DF2-A962-DB1F71CE34BF}.Release|x64.ActiveCfg = Release|x64
		{1700C8F8-3A22-3DF2-A962-DB1F71CE34BF}.Release|x64.Build.0 = Release|x64
		{55715B3E-1E35-3E51-8C7E-7BC4D7D912B0}.Debug|x64.ActiveCfg = Debug|x64
		{55715B3E-1E35-3E51-8C7E-7BC4D7D912B0}.Release|x64.ActiveCfg = Release|x64
		{7235C041-D661-3ACC-B23F-181F8BC10526}.Debug|x64.ActiveCfg = Debug|x64
		{7235C041-D661-3ACC-B23F-181F8BC10526}.Release|x64.ActiveCfg = Release|x64
		{345D67E4-7CDB-3963-B172-81D28321CE55}.Debug|x64.ActiveCfg = Debug|x64
		{345D67E4-7CDB-3963-B172-81D28321CE55}.Debug|x64.Build.0 = Debug|x64
		{345D67E4-7CDB-3963-B172-81D28321CE55}.Release|x64.ActiveCfg = Release|x64
		{345D67E4-7CDB-3963-B172-81D28321CE55}.Release|x64.Build.0 = Release|x64
		{BC3CF51D-EE16-39E7-92AD-8909F94C57B6}.Debug|x64.ActiveCfg = Debug|x64
		{BC3CF51D-EE16-39E7-92AD-8909F94C57B6}.Debug|x64.Build.0 = Debug|x64
		{BC3CF51D-EE16-39E7-92AD-8909F94C57B6}.Release|x64.ActiveCfg = Release|x64
		{BC3CF51D-EE16-39E7-92AD-8909F94C57B6}.Release|x64.Build.0 = Release|x64
		{796BEAAF-2DD1-3644-9811-A15D49DF36A0}.Debug|x64.ActiveCfg = Debug|x64
		{796BEAAF-2DD1-3644-9811-A15D49DF36A0}.Debug|x64.Build.0 = Debug|x64
		{796BEAAF-2DD1-3644-9811-A15D49DF36A0}.Release|x64.ActiveCfg = Release|x64
		{796BEAAF-2DD1-3644-9811-A15D49DF36A0}.Release|x64.Build.0 = Release|x64
		{AFBF751A-3189-3762-8AB2-EF854C5D06A6}.Debug|x64.ActiveCfg = Debug|x64
		{AFBF751A-3189-3762-8AB2-EF854C5D06A6}.Debug|x64.Build.0 = Debug|x64
		{AFBF751A-3189-3762-8AB2-EF854C5D06A6}.Release|x64.ActiveCfg = Release|x64
		{AFBF751A-3189-3762-8AB2-EF854C5D06A6}.Release|x64.Build.0 = Release|x64
		{1015AC63-503E-3361-BB1B-97FE61CD1A01}.Debug|x64.ActiveCfg = Debug|x64
		{1015AC63-503E-3361-BB1B-97FE61CD1A01}.Debug|x64.Build.0 = Debug|x64
		{1015AC63-503E-3361-BB1B-97FE61CD1A01}.Release|x64.ActiveCfg = Release|x64
		{1015AC63-503E-3361-BB1B-97FE61CD1A01}.Release|x64.Build.0 = Release|x64
		{8EA1F2C8-FEC1-3485-BB63-4FCE3A2691ED}.Debug|x64.ActiveCfg = Debug|x64
		{8EA1F2C8-FEC1-3485-BB63-4FCE3A2691ED}.Debug|x64.Build.0 = Debug|x64
		{8EA1F2C8-FEC1-3485-BB63-4FCE3A2691ED}.Release|x64.ActiveCfg = Release|x64
		{8EA1F2C8-FEC1-3485-BB63-4FCE3A2691ED}.Release|x64.Build.0 = Release|x64
		{D18B363A-5502-352A-8872-FF1243B2A230}.Debug|x64.ActiveCfg = Debug|x64
		{D18B363A-5502-352A-8872-FF1243B2A230}.Debug|x64.Build.0 = Debug|x64
		{D18B363A-5502-352A-8872-FF1243B2A230}.Release|x64.ActiveCfg = Release|x64
		{D18B363A-5502-352A-8872-FF1243B2A230}.Release|x64.Build.0 = Release|x64
		{83665C2E-702A-34DD-908A-4F7C2AB9B729}.Debug|x64.ActiveCfg = Debug|x64
		{83665C2E-702A-34DD-908A-4F7C2AB9B729}.Debug|x64.Build.0 = Debug|x64
		{83665C2E-702A-34DD-908A-4F7C2AB9B729}.Release|x64.ActiveCfg = Release|x64
		{83665C2E-702A-34DD-908A-4F7C2AB9B729}.Release|x64.Build.0 = Release|x64
		{AD316D73-B2D5-3C38-8434-F625E16E53A2}.Debug|x64.ActiveCfg = Debug|x64
		{AD316D73-B2D5-3C38-8434-F625E16E53A2}.Debug|x64.Build.0 = Debug|x64
		{AD316D73-B2D5-3C38-8434-F625E16E53A2}.Release|x64.ActiveCfg = Release|x64
		{AD316D73-B2D5-3C38-8434-F625E16E53A2}.Release|x64.Build.0 = Release|x64
		{8B4EAF01-3162-3BAA-87B1-D1A6B753D5F5}.Debug|x64.ActiveCfg = Debug|x64
		{8B4EAF01-3162-3BAA-87B1-D1A6B753D5F5}.Debug|x64.Build.0 = Debug|x64
		{8B4EAF01-3162-3BAA-87B1-D1A6B753D5F5}.Release|x64.ActiveCfg = Release|x64
		{8B4EAF01-3162-3BAA-87B1-D1A6B753D5F5}.Release|x64.Build.0 = Release|x64
		{6D1B6C12-CA17-3FC5-82FC-9DD21F8408AB}.Debug|x64.ActiveCfg = Debug|x64
		{6D1B6C12-CA17-3FC5-82FC-9DD21F8408AB}.Debug|x64.Build.0 = Debug|x64
		{6D1B6C12-CA17-3FC5-82FC-9DD21F8408AB}.Release|x64.ActiveCfg = Release|x64
		{6D1B6C12-CA17-3FC5-82FC-9DD21F8408AB}.Release|x64.Build.0 = Release|x64
		{71D2ED2D-8A49-3321-9071-1B999B5D3CA3}.Debug|x64.ActiveCfg = Debug|x64
		{71D2ED2D-8A49-3321-9071-1B999B5D3CA3}.Debug|x64.Build.0 = Debug|x64
		{71D2ED2D-8A49-3321-9071-1B999B5D3CA3}.Release|x64.ActiveCfg = Release|x64
		{71D2ED2D-8A49-3321-9071-1B999B5D3CA3}.Release|x64.Build.0 = Release|x64
		{E6ABEC9D-E564-3D8F-9485-D51142678414}.Debug|x64.ActiveCfg = Debug|x64
		{E6ABEC9D-E564-3D8F-9485-D51142678414}.Debug|x64.Build.0 = Debug|x64
		{E6ABEC9D-E564-3D8F-9485-D51142678414}.Release|x64.ActiveCfg = Release|x64
		{E6ABEC9D-E564-3D8F-9485-D51142678414}.Release|x64.Build.0 = Release|x64
		{81E509D8-BEBA-3042-A73D-0E0737BE4F49}.Debug|x64.ActiveCfg = Debug|x64
		{81E509D8-BEBA-3042-A73D-0E0737BE4F49}.Release|x64.ActiveCfg = Release|x64
		{B1B47649-6AA3-3174-991B-AAA5D0A8490B}.Debug|x64.ActiveCfg = Debug|x64
		{B1B47649-6AA3-3174-991B-AAA5D0A8490B}.Debug|x64.Build.0 = Debug|x64
		{B1B47649-6AA3-3174-991B-AAA5D0A8490B}.Release|x64.ActiveCfg = Release|x64
		{B1B47649-6AA3-3174-991B-AAA5D0A8490B}.Release|x64.Build.0 = Release|x64
		{F2828ABB-03B9-30A8-9CC5-5D640C7669B2}.Debug|x64.ActiveCfg = Debug|x64
		{F2828ABB-03B9-30A8-9CC5-5D640C7669B2}.Debug|x64.Build.0 = Debug|x64
		{F2828ABB-03B9-30A8-9CC5-5D640C7669B2}.Release|x64.ActiveCfg = Release|x64
		{F2828ABB-03B9-30A8-9CC5-5D640C7669B2}.Release|x64.Build.0 = Release|x64
		{39854B86-2F27-3D20-A02B-FC27EC4C7DDA}.Debug|x64.ActiveCfg = Debug|x64
		{39854B86-2F27-3D20-A02B-FC27EC4C7DDA}.Debug|x64.Build.0 = Debug|x64
		{39854B86-2F27-3D20-A02B-FC27EC4C7DDA}.Release|x64.ActiveCfg = Release|x64
		{39854B86-2F27-3D20-A02B-FC27EC4C7DDA}.Release|x64.Build.0 = Release|x64
		{2E0962B1-8EE1-351C-8921-F2D026F24F1A}.Debug|x64.ActiveCfg = Debug|x64
		{2E0962B1-8EE1-351C-8921-F2D026F24F1A}.Debug|x64.Build.0 = Debug|x64
		{2E0962B1-8EE1-351C-8921-F2D026F24F1A}.Release|x64.ActiveCfg = Release|x64
		{2E0962B1-8EE1-351C-8921-F2D026F24F1A}.Release|x64.Build.0 = Release|x64
		{30FF7E1E-7FED-3E5F-88E1-2D83E163E2C6}.Debug|x64.ActiveCfg = Debug|x64
		{30FF7E1E-7FED-3E5F-88E1-2D83E163E2C6}.Debug|x64.Build.0 = Debug|x64
		{30FF7E1E-7FED-3E5F-88E1-2D83E163E2C6}.Release|x64.ActiveCfg = Release|x64
		{30FF7E1E-7FED-3E5F-88E1-2D83E163E2C6}.Release|x64.Build.0 = Release|x64
		{42FCC8A0-33F3-3AF4-A774-40BF01572386}.Debug|x64.ActiveCfg = Debug|x64
		{42FCC8A0-33F3-3AF4-A774-40BF01572386}.Debug|x64.Build.0 = Debug|x64
		{42FCC8A0-33F3-3AF4-A774-40BF01572386}.Release|x64.ActiveCfg = Release|x64
		{42FCC8A0-33F3-3AF4-A774-40BF01572386}.Release|x64.Build.0 = Release|x64
		{2CB5147C-DBCA-347F-82D0-AB8F429DF9E7}.Debug|x64.ActiveCfg = Debug|x64
		{2CB5147C-DBCA-347F-82D0-AB8F429DF9E7}.Debug|x64.Build.0 = Debug|x64
		{2CB5147C-DBCA-347F-82D0-AB8F429DF9E7}.Release|x64.ActiveCfg = Release|x64
		{2CB5147C-DBCA-347F-82D0-AB8F429DF9E7}.Release|x64.Build.0 = Release|x64
		{3AAA8C7B-6FED-38CA-85DD-A1B83FA02899}.Debug|x64.ActiveCfg = Debug|x64
		{3AAA8C7B-6FED-38CA-85DD-A1B83FA02899}.Debug|x64.Build.0 = Debug|x64
		{3AAA8C7B-6FED-38CA-85DD-A1B83FA02899}.Release|x64.ActiveCfg = Release|x64
		{3AAA8C7B-6FED-38CA-85DD-A1B83FA02899}.Release|x64.Build.0 = Release|x64
	EndGlobalSection
	GlobalSection(NestedProjects) = preSolution
		{1700C8F8-3A22-3DF2-A962-DB1F71CE34BF} = {2E4AA1A6-C758-37BB-A0D9-4A348131A522}
		{BC3CF51D-EE16-39E7-92AD-8909F94C57B6} = {2E4AA1A6-C758-37BB-A0D9-4A348131A522}
		{D18B363A-5502-352A-8872-FF1243B2A230} = {2E4AA1A6-C758-37BB-A0D9-4A348131A522}
		{83665C2E-702A-34DD-908A-4F7C2AB9B729} = {2E4AA1A6-C758-37BB-A0D9-4A348131A522}
		{AD316D73-B2D5-3C38-8434-F625E16E53A2} = {2E4AA1A6-C758-37BB-A0D9-4A348131A522}
		{8B4EAF01-3162-3BAA-87B1-D1A6B753D5F5} = {2E4AA1A6-C758-37BB-A0D9-4A348131A522}
		{6D1B6C12-CA17-3FC5-82FC-9DD21F8408AB} = {2E4AA1A6-C758-37BB-A0D9-4A348131A522}
		{71D2ED2D-8A49-3321-9071-1B999B5D3CA3} = {2E4AA1A6-C758-37BB-A0D9-4A348131A522}
		{E6ABEC9D-E564-3D8F-9485-D51142678414} = {2E4AA1A6-C758-37BB-A0D9-4A348131A522}
		{2CB5147C-DBCA-347F-82D0-AB8F429DF9E7} = {2E4AA1A6-C758-37BB-A0D9-4A348131A522}
		{3AAA8C7B-6FED-38CA-85DD-A1B83FA02899} = {2E4AA1A6-C758-37BB-A0D9-4A348131A522}
		{87B0D9C6-A560-3693-8A73-537D3E06B5EF} = {115CF9B8-19A5-343C-894B-1CE05D051988}
		{987DFB9C-1123-3049-9140-EC86B20C2FC8} = {115CF9B8-19A5-343C-894B-1CE05D051988}
		{55715B3E-1E35-3E51-8C7E-7BC4D7D912B0} = {115CF9B8-19A5-343C-894B-1CE05D051988}
		{7235C041-D661-3ACC-B23F-181F8BC10526} = {115CF9B8-19A5-343C-894B-1CE05D051988}
		{345D67E4-7CDB-3963-B172-81D28321CE55} = {115CF9B8-19A5-343C-894B-1CE05D051988}
		{F2828ABB-03B9-30A8-9CC5-5D640C7669B2} = {C7DE11DD-9EBB-3492-9111-D56C5B00E54B}
		{39854B86-2F27-3D20-A02B-FC27EC4C7DDA} = {C7DE11DD-9EBB-3492-9111-D56C5B00E54B}
		{2E0962B1-8EE1-351C-8921-F2D026F24F1A} = {C7DE11DD-9EBB-3492-9111-D56C5B00E54B}
		{30FF7E1E-7FED-3E5F-88E1-2D83E163E2C6} = {C7DE11DD-9EBB-3492-9111-D56C5B00E54B}
		{42FCC8A0-33F3-3AF4-A774-40BF01572386} = {C7DE11DD-9EBB-3492-9111-D56C5B00E54B}
		{B1B47649-6AA3-3174-991B-AAA5D0A8490B} = {7FA1FE64-B266-39B4-83EA-1506A33B7C3D}
		{C8182561-61CE-37A9-8371-8D9698194CFF} = {524BFE2A-F9E8-3258-85DE-A92EAB12AE74}
		{796BEAAF-2DD1-3644-9811-A15D49DF36A0} = {C8182561-61CE-37A9-8371-8D9698194CFF}
		{AFBF751A-3189-3762-8AB2-EF854C5D06A6} = {C8182561-61CE-37A9-8371-8D9698194CFF}
		{1015AC63-503E-3361-BB1B-97FE61CD1A01} = {C8182561-61CE-37A9-8371-8D9698194CFF}
		{8EA1F2C8-FEC1-3485-BB63-4FCE3A2691ED} = {C8182561-61CE-37A9-8371-8D9698194CFF}
	EndGlobalSection
	GlobalSection(ExtensibilityGlobals) = postSolution
		SolutionGuid = {CA49B208-42B1-3B03-8AB0-67DBBC439FD4}
	EndGlobalSection
	GlobalSection(ExtensibilityAddIns) = postSolution
	EndGlobalSection
EndGlobal
