<?xml version="1.0" encoding="utf-8"?>
<Project ToolsVersion="15.0" xmlns="http://schemas.microsoft.com/developer/msbuild/2003">
  <ItemGroup>
    <ClCompile Include="opencl\perf_stereobm.cpp">
      <Filter>opencv_calib3d\Src\opencl</Filter>
    </ClCompile>
    <ClCompile Include="perf_affine2d.cpp">
      <Filter>opencv_calib3d\Src</Filter>
    </ClCompile>
    <ClCompile Include="perf_cicrlesGrid.cpp">
      <Filter>opencv_calib3d\Src</Filter>
    </ClCompile>
    <ClCompile Include="perf_main.cpp">
      <Filter>opencv_calib3d\Src</Filter>
    </ClCompile>
    <ClCompile Include="perf_pnp.cpp">
      <Filter>opencv_calib3d\Src</Filter>
    </ClCompile>
    <ClCompile Include="perf_stereosgbm.cpp">
      <Filter>opencv_calib3d\Src</Filter>
    </ClCompile>
    <ClCompile Include="perf_undistort.cpp">
      <Filter>opencv_calib3d\Src</Filter>
    </ClCompile>
  </ItemGroup>
  <ItemGroup>
    <ClInclude Include="perf_precomp.hpp">
      <Filter>opencv_calib3d\Include</Filter>
    </ClInclude>
  </ItemGroup>
  <ItemGroup>
    <Filter Include="opencv_calib3d">
      <UniqueIdentifier>{3912F805-E07E-3FFA-8815-781EB52A92FC}</UniqueIdentifier>
    </Filter>
    <Filter Include="opencv_calib3d\Include">
      <UniqueIdentifier>{4D0BA3B1-C0AA-397F-9E1F-0E669BF503EC}</UniqueIdentifier>
    </Filter>
    <Filter Include="opencv_calib3d\Src">
      <UniqueIdentifier>{63B16A6E-E58F-301F-A09F-6E1467A219A0}</UniqueIdentifier>
    </Filter>
    <Filter Include="opencv_calib3d\Src\opencl">
      <UniqueIdentifier>{45AD1BE9-C705-3A14-80CD-60AAB3C8EDD0}</UniqueIdentifier>
    </Filter>
  </ItemGroup>
</Project>