
Microsoft Visual Studio Solution File, Format Version 12.00
# Visual Studio 15
Project("{2150E333-8FDC-42A3-9474-1A3956D46DE8}") = "3rdparty", "3rdparty", "{2E4AA1A6-C758-37BB-A0D9-4A348131A522}"
EndProject
Project("{2150E333-8FDC-42A3-9474-1A3956D46DE8}") = "CMakeTargets", "CMakeTargets", "{115CF9B8-19A5-343C-894B-1CE05D051988}"
EndProject
Project("{2150E333-8FDC-42A3-9474-1A3956D46DE8}") = "dispatched", "dispatched", "{C7DE11DD-9EBB-3492-9111-D56C5B00E54B}"
EndProject
Project("{2150E333-8FDC-42A3-9474-1A3956D46DE8}") = "modules", "modules", "{7FA1FE64-B266-39B4-83EA-1506A33B7C3D}"
EndProject
Project("{2150E333-8FDC-42A3-9474-1A3956D46DE8}") = "samples", "samples", "{524BFE2A-F9E8-3258-85DE-A92EAB12AE74}"
EndProject
Project("{2150E333-8FDC-42A3-9474-1A3956D46DE8}") = "tapi", "samples\tapi", "{390A862A-898D-3F3E-B03B-73E551D5AA6F}"
EndProject
Project("{8BC9CEB8-8B4A-11D0-8D11-00A0C91BC942}") = "ALL_BUILD", "ALL_BUILD.vcxproj", "{87B0D9C6-A560-3693-8A73-537D3E06B5EF}"
	ProjectSection(ProjectDependencies) = postProject
		{345D67E4-7CDB-3963-B172-81D28321CE55} = {345D67E4-7CDB-3963-B172-81D28321CE55}
		{986745AF-90FA-37E8-B0A2-ABCDC999DA0F} = {986745AF-90FA-37E8-B0A2-ABCDC999DA0F}
		{C5259402-6408-3BD8-9812-87DE0ADF3B51} = {C5259402-6408-3BD8-9812-87DE0ADF3B51}
		{2528BDF0-BC8E-310C-B767-BC772393A674} = {2528BDF0-BC8E-310C-B767-BC772393A674}
		{287585F4-F780-327B-BA39-EACAEF72D0D8} = {287585F4-F780-327B-BA39-EACAEF72D0D8}
		{46DF4C54-A054-3BA3-A4C0-3A997F9476AF} = {46DF4C54-A054-3BA3-A4C0-3A997F9476AF}
		{9E3C38AD-35B7-3C70-B8C7-6988159E583C} = {9E3C38AD-35B7-3C70-B8C7-6988159E583C}
		{D18E975C-2634-3674-9848-107D279B0EDA} = {D18E975C-2634-3674-9848-107D279B0EDA}
		{D36A154E-196A-399E-93C3-739C1A0E6236} = {D36A154E-196A-399E-93C3-739C1A0E6236}
		{3BBE833D-2E62-3474-A70D-F6D8DA19D0ED} = {3BBE833D-2E62-3474-A70D-F6D8DA19D0ED}
		{FB795260-DD68-3DD5-A251-050622DBECA0} = {FB795260-DD68-3DD5-A251-050622DBECA0}
	EndProjectSection
EndProject
Project("{8BC9CEB8-8B4A-11D0-8D11-00A0C91BC942}") = "INSTALL", "INSTALL.vcxproj", "{987DFB9C-1123-3049-9140-EC86B20C2FC8}"
	ProjectSection(ProjectDependencies) = postProject
		{87B0D9C6-A560-3693-8A73-537D3E06B5EF} = {87B0D9C6-A560-3693-8A73-537D3E06B5EF}
		{345D67E4-7CDB-3963-B172-81D28321CE55} = {345D67E4-7CDB-3963-B172-81D28321CE55}
	EndProjectSection
EndProject
Project("{8BC9CEB8-8B4A-11D0-8D11-00A0C91BC942}") = "IlmImf", "..\..\3rdparty\openexr\IlmImf.vcxproj", "{1700C8F8-3A22-3DF2-A962-DB1F71CE34BF}"
	ProjectSection(ProjectDependencies) = postProject
		{345D67E4-7CDB-3963-B172-81D28321CE55} = {345D67E4-7CDB-3963-B172-81D28321CE55}
		{3AAA8C7B-6FED-38CA-85DD-A1B83FA02899} = {3AAA8C7B-6FED-38CA-85DD-A1B83FA02899}
	EndProjectSection
EndProject
Project("{8BC9CEB8-8B4A-11D0-8D11-00A0C91BC942}") = "PACKAGE", "PACKAGE.vcxproj", "{55715B3E-1E35-3E51-8C7E-7BC4D7D912B0}"
	ProjectSection(ProjectDependencies) = postProject
		{87B0D9C6-A560-3693-8A73-537D3E06B5EF} = {87B0D9C6-A560-3693-8A73-537D3E06B5EF}
		{345D67E4-7CDB-3963-B172-81D28321CE55} = {345D67E4-7CDB-3963-B172-81D28321CE55}
	EndProjectSection
EndProject
Project("{8BC9CEB8-8B4A-11D0-8D11-00A0C91BC942}") = "RUN_TESTS", "RUN_TESTS.vcxproj", "{7235C041-D661-3ACC-B23F-181F8BC10526}"
	ProjectSection(ProjectDependencies) = postProject
		{345D67E4-7CDB-3963-B172-81D28321CE55} = {345D67E4-7CDB-3963-B172-81D28321CE55}
	EndProjectSection
EndProject
Project("{8BC9CEB8-8B4A-11D0-8D11-00A0C91BC942}") = "ZERO_CHECK", "..\..\\ZERO_CHECK.vcxproj", "{345D67E4-7CDB-3963-B172-81D28321CE55}"
	ProjectSection(ProjectDependencies) = postProject
	EndProjectSection
EndProject
Project("{8BC9CEB8-8B4A-11D0-8D11-00A0C91BC942}") = "ade", "..\..\\ade.vcxproj", "{BC3CF51D-EE16-39E7-92AD-8909F94C57B6}"
	ProjectSection(ProjectDependencies) = postProject
		{345D67E4-7CDB-3963-B172-81D28321CE55} = {345D67E4-7CDB-3963-B172-81D28321CE55}
	EndProjectSection
EndProject
Project("{8BC9CEB8-8B4A-11D0-8D11-00A0C91BC942}") = "example_tapi_bgfg_segm", "example_tapi_bgfg_segm.vcxproj", "{986745AF-90FA-37E8-B0A2-ABCDC999DA0F}"
	ProjectSection(ProjectDependencies) = postProject
		{345D67E4-7CDB-3963-B172-81D28321CE55} = {345D67E4-7CDB-3963-B172-81D28321CE55}
		{B1B47649-6AA3-3174-991B-AAA5D0A8490B} = {B1B47649-6AA3-3174-991B-AAA5D0A8490B}
	EndProjectSection
EndProject
Project("{8BC9CEB8-8B4A-11D0-8D11-00A0C91BC942}") = "example_tapi_camshift", "example_tapi_camshift.vcxproj", "{C5259402-6408-3BD8-9812-87DE0ADF3B51}"
	ProjectSection(ProjectDependencies) = postProject
		{345D67E4-7CDB-3963-B172-81D28321CE55} = {345D67E4-7CDB-3963-B172-81D28321CE55}
		{B1B47649-6AA3-3174-991B-AAA5D0A8490B} = {B1B47649-6AA3-3174-991B-AAA5D0A8490B}
	EndProjectSection
EndProject
Project("{8BC9CEB8-8B4A-11D0-8D11-00A0C91BC942}") = "example_tapi_clahe", "example_tapi_clahe.vcxproj", "{2528BDF0-BC8E-310C-B767-BC772393A674}"
	ProjectSection(ProjectDependencies) = postProject
		{345D67E4-7CDB-3963-B172-81D28321CE55} = {345D67E4-7CDB-3963-B172-81D28321CE55}
		{B1B47649-6AA3-3174-991B-AAA5D0A8490B} = {B1B47649-6AA3-3174-991B-AAA5D0A8490B}
	EndProjectSection
EndProject
Project("{8BC9CEB8-8B4A-11D0-8D11-00A0C91BC942}") = "example_tapi_dense_optical_flow", "example_tapi_dense_optical_flow.vcxproj", "{287585F4-F780-327B-BA39-EACAEF72D0D8}"
	ProjectSection(ProjectDependencies) = postProject
		{345D67E4-7CDB-3963-B172-81D28321CE55} = {345D67E4-7CDB-3963-B172-81D28321CE55}
		{B1B47649-6AA3-3174-991B-AAA5D0A8490B} = {B1B47649-6AA3-3174-991B-AAA5D0A8490B}
	EndProjectSection
EndProject
Project("{8BC9CEB8-8B4A-11D0-8D11-00A0C91BC942}") = "example_tapi_hog", "example_tapi_hog.vcxproj", "{46DF4C54-A054-3BA3-A4C0-3A997F9476AF}"
	ProjectSection(ProjectDependencies) = postProject
		{345D67E4-7CDB-3963-B172-81D28321CE55} = {345D67E4-7CDB-3963-B172-81D28321CE55}
		{B1B47649-6AA3-3174-991B-AAA5D0A8490B} = {B1B47649-6AA3-3174-991B-AAA5D0A8490B}
	EndProjectSection
EndProject
Project("{8BC9CEB8-8B4A-11D0-8D11-00A0C91BC942}") = "example_tapi_opencl_custom_kernel", "example_tapi_opencl_custom_kernel.vcxproj", "{9E3C38AD-35B7-3C70-B8C7-6988159E583C}"
	ProjectSection(ProjectDependencies) = postProject
		{345D67E4-7CDB-3963-B172-81D28321CE55} = {345D67E4-7CDB-3963-B172-81D28321CE55}
		{B1B47649-6AA3-3174-991B-AAA5D0A8490B} = {B1B47649-6AA3-3174-991B-AAA5D0A8490B}
	EndProjectSection
EndProject
Project("{8BC9CEB8-8B4A-11D0-8D11-00A0C91BC942}") = "example_tapi_pyrlk_optical_flow", "example_tapi_pyrlk_optical_flow.vcxproj", "{D18E975C-2634-3674-9848-107D279B0EDA}"
	ProjectSection(ProjectDependencies) = postProject
		{345D67E4-7CDB-3963-B172-81D28321CE55} = {345D67E4-7CDB-3963-B172-81D28321CE55}
		{B1B47649-6AA3-3174-991B-AAA5D0A8490B} = {B1B47649-6AA3-3174-991B-AAA5D0A8490B}
	EndProjectSection
EndProject
Project("{8BC9CEB8-8B4A-11D0-8D11-00A0C91BC942}") = "example_tapi_squares", "example_tapi_squares.vcxproj", "{D36A154E-196A-399E-93C3-739C1A0E6236}"
	ProjectSection(ProjectDependencies) = postProject
		{345D67E4-7CDB-3963-B172-81D28321CE55} = {345D67E4-7CDB-3963-B172-81D28321CE55}
		{B1B47649-6AA3-3174-991B-AAA5D0A8490B} = {B1B47649-6AA3-3174-991B-AAA5D0A8490B}
	EndProjectSection
EndProject
Project("{8BC9CEB8-8B4A-11D0-8D11-00A0C91BC942}") = "example_tapi_ufacedetect", "example_tapi_ufacedetect.vcxproj", "{3BBE833D-2E62-3474-A70D-F6D8DA19D0ED}"
	ProjectSection(ProjectDependencies) = postProject
		{345D67E4-7CDB-3963-B172-81D28321CE55} = {345D67E4-7CDB-3963-B172-81D28321CE55}
		{B1B47649-6AA3-3174-991B-AAA5D0A8490B} = {B1B47649-6AA3-3174-991B-AAA5D0A8490B}
	EndProjectSection
EndProject
Project("{8BC9CEB8-8B4A-11D0-8D11-00A0C91BC942}") = "example_tapi_video_acceleration", "example_tapi_video_acceleration.vcxproj", "{FB795260-DD68-3DD5-A251-050622DBECA0}"
	ProjectSection(ProjectDependencies) = postProject
		{345D67E4-7CDB-3963-B172-81D28321CE55} = {345D67E4-7CDB-3963-B172-81D28321CE55}
		{B1B47649-6AA3-3174-991B-AAA5D0A8490B} = {B1B47649-6AA3-3174-991B-AAA5D0A8490B}
	EndProjectSection
EndProject
Project("{8BC9CEB8-8B4A-11D0-8D11-00A0C91BC942}") = "ittnotify", "..\..\3rdparty\ittnotify\ittnotify.vcxproj", "{D18B363A-5502-352A-8872-FF1243B2A230}"
	ProjectSection(ProjectDependencies) = postProject
		{345D67E4-7CDB-3963-B172-81D28321CE55} = {345D67E4-7CDB-3963-B172-81D28321CE55}
	EndProjectSection
EndProject
Project("{8BC9CEB8-8B4A-11D0-8D11-00A0C91BC942}") = "libjpeg-turbo", "..\..\3rdparty\libjpeg-turbo\libjpeg-turbo.vcxproj", "{83665C2E-702A-34DD-908A-4F7C2AB9B729}"
	ProjectSection(ProjectDependencies) = postProject
		{345D67E4-7CDB-3963-B172-81D28321CE55} = {345D67E4-7CDB-3963-B172-81D28321CE55}
	EndProjectSection
EndProject
Project("{8BC9CEB8-8B4A-11D0-8D11-00A0C91BC942}") = "libopenjp2", "..\..\3rdparty\openjpeg\openjp2\libopenjp2.vcxproj", "{AD316D73-B2D5-3C38-8434-F625E16E53A2}"
	ProjectSection(ProjectDependencies) = postProject
		{345D67E4-7CDB-3963-B172-81D28321CE55} = {345D67E4-7CDB-3963-B172-81D28321CE55}
	EndProjectSection
EndProject
Project("{8BC9CEB8-8B4A-11D0-8D11-00A0C91BC942}") = "libpng", "..\..\3rdparty\libpng\libpng.vcxproj", "{8B4EAF01-3162-3BAA-87B1-D1A6B753D5F5}"
	ProjectSection(ProjectDependencies) = postProject
		{345D67E4-7CDB-3963-B172-81D28321CE55} = {345D67E4-7CDB-3963-B172-81D28321CE55}
		{3AAA8C7B-6FED-38CA-85DD-A1B83FA02899} = {3AAA8C7B-6FED-38CA-85DD-A1B83FA02899}
	EndProjectSection
EndProject
Project("{8BC9CEB8-8B4A-11D0-8D11-00A0C91BC942}") = "libprotobuf", "..\..\3rdparty\protobuf\libprotobuf.vcxproj", "{6D1B6C12-CA17-3FC5-82FC-9DD21F8408AB}"
	ProjectSection(ProjectDependencies) = postProject
		{345D67E4-7CDB-3963-B172-81D28321CE55} = {345D67E4-7CDB-3963-B172-81D28321CE55}
	EndProjectSection
EndProject
Project("{8BC9CEB8-8B4A-11D0-8D11-00A0C91BC942}") = "libtiff", "..\..\3rdparty\libtiff\libtiff.vcxproj", "{71D2ED2D-8A49-3321-9071-1B999B5D3CA3}"
	ProjectSection(ProjectDependencies) = postProject
		{345D67E4-7CDB-3963-B172-81D28321CE55} = {345D67E4-7CDB-3963-B172-81D28321CE55}
		{3AAA8C7B-6FED-38CA-85DD-A1B83FA02899} = {3AAA8C7B-6FED-38CA-85DD-A1B83FA02899}
	EndProjectSection
EndProject
Project("{8BC9CEB8-8B4A-11D0-8D11-00A0C91BC942}") = "libwebp", "..\..\3rdparty\libwebp\libwebp.vcxproj", "{E6ABEC9D-E564-3D8F-9485-D51142678414}"
	ProjectSection(ProjectDependencies) = postProject
		{345D67E4-7CDB-3963-B172-81D28321CE55} = {345D67E4-7CDB-3963-B172-81D28321CE55}
	EndProjectSection
EndProject
Project("{8BC9CEB8-8B4A-11D0-8D11-00A0C91BC942}") = "opencv_samples_tapi", "opencv_samples_tapi.vcxproj", "{4CE242D7-A455-3E6A-B495-59D182DFABE3}"
	ProjectSection(ProjectDependencies) = postProject
		{345D67E4-7CDB-3963-B172-81D28321CE55} = {345D67E4-7CDB-3963-B172-81D28321CE55}
		{986745AF-90FA-37E8-B0A2-ABCDC999DA0F} = {986745AF-90FA-37E8-B0A2-ABCDC999DA0F}
		{C5259402-6408-3BD8-9812-87DE0ADF3B51} = {C5259402-6408-3BD8-9812-87DE0ADF3B51}
		{2528BDF0-BC8E-310C-B767-BC772393A674} = {2528BDF0-BC8E-310C-B767-BC772393A674}
		{287585F4-F780-327B-BA39-EACAEF72D0D8} = {287585F4-F780-327B-BA39-EACAEF72D0D8}
		{46DF4C54-A054-3BA3-A4C0-3A997F9476AF} = {46DF4C54-A054-3BA3-A4C0-3A997F9476AF}
		{9E3C38AD-35B7-3C70-B8C7-6988159E583C} = {9E3C38AD-35B7-3C70-B8C7-6988159E583C}
		{D18E975C-2634-3674-9848-107D279B0EDA} = {D18E975C-2634-3674-9848-107D279B0EDA}
		{D36A154E-196A-399E-93C3-739C1A0E6236} = {D36A154E-196A-399E-93C3-739C1A0E6236}
		{3BBE833D-2E62-3474-A70D-F6D8DA19D0ED} = {3BBE833D-2E62-3474-A70D-F6D8DA19D0ED}
		{FB795260-DD68-3DD5-A251-050622DBECA0} = {FB795260-DD68-3DD5-A251-050622DBECA0}
	EndProjectSection
EndProject
Project("{8BC9CEB8-8B4A-11D0-8D11-00A0C91BC942}") = "opencv_world", "..\..\modules\world\opencv_world.vcxproj", "{B1B47649-6AA3-3174-991B-AAA5D0A8490B}"
	ProjectSection(ProjectDependencies) = postProject
		{1700C8F8-3A22-3DF2-A962-DB1F71CE34BF} = {1700C8F8-3A22-3DF2-A962-DB1F71CE34BF}
		{345D67E4-7CDB-3963-B172-81D28321CE55} = {345D67E4-7CDB-3963-B172-81D28321CE55}
		{BC3CF51D-EE16-39E7-92AD-8909F94C57B6} = {BC3CF51D-EE16-39E7-92AD-8909F94C57B6}
		{D18B363A-5502-352A-8872-FF1243B2A230} = {D18B363A-5502-352A-8872-FF1243B2A230}
		{83665C2E-702A-34DD-908A-4F7C2AB9B729} = {83665C2E-702A-34DD-908A-4F7C2AB9B729}
		{AD316D73-B2D5-3C38-8434-F625E16E53A2} = {AD316D73-B2D5-3C38-8434-F625E16E53A2}
		{8B4EAF01-3162-3BAA-87B1-D1A6B753D5F5} = {8B4EAF01-3162-3BAA-87B1-D1A6B753D5F5}
		{6D1B6C12-CA17-3FC5-82FC-9DD21F8408AB} = {6D1B6C12-CA17-3FC5-82FC-9DD21F8408AB}
		{71D2ED2D-8A49-3321-9071-1B999B5D3CA3} = {71D2ED2D-8A49-3321-9071-1B999B5D3CA3}
		{E6ABEC9D-E564-3D8F-9485-D51142678414} = {E6ABEC9D-E564-3D8F-9485-D51142678414}
		{F2828ABB-03B9-30A8-9CC5-5D640C7669B2} = {F2828ABB-03B9-30A8-9CC5-5D640C7669B2}
		{39854B86-2F27-3D20-A02B-FC27EC4C7DDA} = {39854B86-2F27-3D20-A02B-FC27EC4C7DDA}
		{2E0962B1-8EE1-351C-8921-F2D026F24F1A} = {2E0962B1-8EE1-351C-8921-F2D026F24F1A}
		{30FF7E1E-7FED-3E5F-88E1-2D83E163E2C6} = {30FF7E1E-7FED-3E5F-88E1-2D83E163E2C6}
		{42FCC8A0-33F3-3AF4-A774-40BF01572386} = {42FCC8A0-33F3-3AF4-A774-40BF01572386}
		{2CB5147C-DBCA-347F-82D0-AB8F429DF9E7} = {2CB5147C-DBCA-347F-82D0-AB8F429DF9E7}
		{3AAA8C7B-6FED-38CA-85DD-A1B83FA02899} = {3AAA8C7B-6FED-38CA-85DD-A1B83FA02899}
	EndProjectSection
EndProject
Project("{8BC9CEB8-8B4A-11D0-8D11-00A0C91BC942}") = "opencv_world_AVX", "..\..\modules\world\opencv_world_AVX.vcxproj", "{F2828ABB-03B9-30A8-9CC5-5D640C7669B2}"
	ProjectSection(ProjectDependencies) = postProject
		{345D67E4-7CDB-3963-B172-81D28321CE55} = {345D67E4-7CDB-3963-B172-81D28321CE55}
	EndProjectSection
EndProject
Project("{8BC9CEB8-8B4A-11D0-8D11-00A0C91BC942}") = "opencv_world_AVX2", "..\..\modules\world\opencv_world_AVX2.vcxproj", "{39854B86-2F27-3D20-A02B-FC27EC4C7DDA}"
	ProjectSection(ProjectDependencies) = postProject
		{345D67E4-7CDB-3963-B172-81D28321CE55} = {345D67E4-7CDB-3963-B172-81D28321CE55}
	EndProjectSection
EndProject
Project("{8BC9CEB8-8B4A-11D0-8D11-00A0C91BC942}") = "opencv_world_AVX512_SKX", "..\..\modules\world\opencv_world_AVX512_SKX.vcxproj", "{2E0962B1-8EE1-351C-8921-F2D026F24F1A}"
	ProjectSection(ProjectDependencies) = postProject
		{345D67E4-7CDB-3963-B172-81D28321CE55} = {345D67E4-7CDB-3963-B172-81D28321CE55}
	EndProjectSection
EndProject
Project("{8BC9CEB8-8B4A-11D0-8D11-00A0C91BC942}") = "opencv_world_SSE4_1", "..\..\modules\world\opencv_world_SSE4_1.vcxproj", "{30FF7E1E-7FED-3E5F-88E1-2D83E163E2C6}"
	ProjectSection(ProjectDependencies) = postProject
		{345D67E4-7CDB-3963-B172-81D28321CE55} = {345D67E4-7CDB-3963-B172-81D28321CE55}
	EndProjectSection
EndProject
Project("{8BC9CEB8-8B4A-11D0-8D11-00A0C91BC942}") = "opencv_world_SSE4_2", "..\..\modules\world\opencv_world_SSE4_2.vcxproj", "{42FCC8A0-33F3-3AF4-A774-40BF01572386}"
	ProjectSection(ProjectDependencies) = postProject
		{345D67E4-7CDB-3963-B172-81D28321CE55} = {345D67E4-7CDB-3963-B172-81D28321CE55}
	EndProjectSection
EndProject
Project("{8BC9CEB8-8B4A-11D0-8D11-00A0C91BC942}") = "quirc", "..\..\3rdparty\quirc\quirc.vcxproj", "{2CB5147C-DBCA-347F-82D0-AB8F429DF9E7}"
	ProjectSection(ProjectDependencies) = postProject
		{345D67E4-7CDB-3963-B172-81D28321CE55} = {345D67E4-7CDB-3963-B172-81D28321CE55}
	EndProjectSection
EndProject
Project("{8BC9CEB8-8B4A-11D0-8D11-00A0C91BC942}") = "zlib", "..\..\3rdparty\zlib\zlib.vcxproj", "{3AAA8C7B-6FED-38CA-85DD-A1B83FA02899}"
	ProjectSection(ProjectDependencies) = postProject
		{345D67E4-7CDB-3963-B172-81D28321CE55} = {345D67E4-7CDB-3963-B172-81D28321CE55}
	EndProjectSection
EndProject
Global
	GlobalSection(SolutionConfigurationPlatforms) = preSolution
		Debug|x64 = Debug|x64
		Release|x64 = Release|x64
	EndGlobalSection
	GlobalSection(ProjectConfigurationPlatforms) = postSolution
		{87B0D9C6-A560-3693-8A73-537D3E06B5EF}.Debug|x64.ActiveCfg = Debug|x64
		{87B0D9C6-A560-3693-8A73-537D3E06B5EF}.Debug|x64.Build.0 = Debug|x64
		{87B0D9C6-A560-3693-8A73-537D3E06B5EF}.Release|x64.ActiveCfg = Release|x64
		{87B0D9C6-A560-3693-8A73-537D3E06B5EF}.Release|x64.Build.0 = Release|x64
		{987DFB9C-1123-3049-9140-EC86B20C2FC8}.Debug|x64.ActiveCfg = Debug|x64
		{987DFB9C-1123-3049-9140-EC86B20C2FC8}.Release|x64.ActiveCfg = Release|x64
		{1700C8F8-3A22-3DF2-A962-DB1F71CE34BF}.Debug|x64.ActiveCfg = Debug|x64
		{1700C8F8-3A22-3DF2-A962-DB1F71CE34BF}.Debug|x64.Build.0 = Debug|x64
		{1700C8F8-3A22-3DF2-A962-DB1F71CE34BF}.Release|x64.ActiveCfg = Release|x64
		{1700C8F8-3A22-3DF2-A962-DB1F71CE34BF}.Release|x64.Build.0 = Release|x64
		{55715B3E-1E35-3E51-8C7E-7BC4D7D912B0}.Debug|x64.ActiveCfg = Debug|x64
		{55715B3E-1E35-3E51-8C7E-7BC4D7D912B0}.Release|x64.ActiveCfg = Release|x64
		{7235C041-D661-3ACC-B23F-181F8BC10526}.Debug|x64.ActiveCfg = Debug|x64
		{7235C041-D661-3ACC-B23F-181F8BC10526}.Release|x64.ActiveCfg = Release|x64
		{345D67E4-7CDB-3963-B172-81D28321CE55}.Debug|x64.ActiveCfg = Debug|x64
		{345D67E4-7CDB-3963-B172-81D28321CE55}.Debug|x64.Build.0 = Debug|x64
		{345D67E4-7CDB-3963-B172-81D28321CE55}.Release|x64.ActiveCfg = Release|x64
		{345D67E4-7CDB-3963-B172-81D28321CE55}.Release|x64.Build.0 = Release|x64
		{BC3CF51D-EE16-39E7-92AD-8909F94C57B6}.Debug|x64.ActiveCfg = Debug|x64
		{BC3CF51D-EE16-39E7-92AD-8909F94C57B6}.Debug|x64.Build.0 = Debug|x64
		{BC3CF51D-EE16-39E7-92AD-8909F94C57B6}.Release|x64.ActiveCfg = Release|x64
		{BC3CF51D-EE16-39E7-92AD-8909F94C57B6}.Release|x64.Build.0 = Release|x64
		{986745AF-90FA-37E8-B0A2-ABCDC999DA0F}.Debug|x64.ActiveCfg = Debug|x64
		{986745AF-90FA-37E8-B0A2-ABCDC999DA0F}.Debug|x64.Build.0 = Debug|x64
		{986745AF-90FA-37E8-B0A2-ABCDC999DA0F}.Release|x64.ActiveCfg = Release|x64
		{986745AF-90FA-37E8-B0A2-ABCDC999DA0F}.Release|x64.Build.0 = Release|x64
		{C5259402-6408-3BD8-9812-87DE0ADF3B51}.Debug|x64.ActiveCfg = Debug|x64
		{C5259402-6408-3BD8-9812-87DE0ADF3B51}.Debug|x64.Build.0 = Debug|x64
		{C5259402-6408-3BD8-9812-87DE0ADF3B51}.Release|x64.ActiveCfg = Release|x64
		{C5259402-6408-3BD8-9812-87DE0ADF3B51}.Release|x64.Build.0 = Release|x64
		{2528BDF0-BC8E-310C-B767-BC772393A674}.Debug|x64.ActiveCfg = Debug|x64
		{2528BDF0-BC8E-310C-B767-BC772393A674}.Debug|x64.Build.0 = Debug|x64
		{2528BDF0-BC8E-310C-B767-BC772393A674}.Release|x64.ActiveCfg = Release|x64
		{2528BDF0-BC8E-310C-B767-BC772393A674}.Release|x64.Build.0 = Release|x64
		{287585F4-F780-327B-BA39-EACAEF72D0D8}.Debug|x64.ActiveCfg = Debug|x64
		{287585F4-F780-327B-BA39-EACAEF72D0D8}.Debug|x64.Build.0 = Debug|x64
		{287585F4-F780-327B-BA39-EACAEF72D0D8}.Release|x64.ActiveCfg = Release|x64
		{287585F4-F780-327B-BA39-EACAEF72D0D8}.Release|x64.Build.0 = Release|x64
		{46DF4C54-A054-3BA3-A4C0-3A997F9476AF}.Debug|x64.ActiveCfg = Debug|x64
		{46DF4C54-A054-3BA3-A4C0-3A997F9476AF}.Debug|x64.Build.0 = Debug|x64
		{46DF4C54-A054-3BA3-A4C0-3A997F9476AF}.Release|x64.ActiveCfg = Release|x64
		{46DF4C54-A054-3BA3-A4C0-3A997F9476AF}.Release|x64.Build.0 = Release|x64
		{9E3C38AD-35B7-3C70-B8C7-6988159E583C}.Debug|x64.ActiveCfg = Debug|x64
		{9E3C38AD-35B7-3C70-B8C7-6988159E583C}.Debug|x64.Build.0 = Debug|x64
		{9E3C38AD-35B7-3C70-B8C7-6988159E583C}.Release|x64.ActiveCfg = Release|x64
		{9E3C38AD-35B7-3C70-B8C7-6988159E583C}.Release|x64.Build.0 = Release|x64
		{D18E975C-2634-3674-9848-107D279B0EDA}.Debug|x64.ActiveCfg = Debug|x64
		{D18E975C-2634-3674-9848-107D279B0EDA}.Debug|x64.Build.0 = Debug|x64
		{D18E975C-2634-3674-9848-107D279B0EDA}.Release|x64.ActiveCfg = Release|x64
		{D18E975C-2634-3674-9848-107D279B0EDA}.Release|x64.Build.0 = Release|x64
		{D36A154E-196A-399E-93C3-739C1A0E6236}.Debug|x64.ActiveCfg = Debug|x64
		{D36A154E-196A-399E-93C3-739C1A0E6236}.Debug|x64.Build.0 = Debug|x64
		{D36A154E-196A-399E-93C3-739C1A0E6236}.Release|x64.ActiveCfg = Release|x64
		{D36A154E-196A-399E-93C3-739C1A0E6236}.Release|x64.Build.0 = Release|x64
		{3BBE833D-2E62-3474-A70D-F6D8DA19D0ED}.Debug|x64.ActiveCfg = Debug|x64
		{3BBE833D-2E62-3474-A70D-F6D8DA19D0ED}.Debug|x64.Build.0 = Debug|x64
		{3BBE833D-2E62-3474-A70D-F6D8DA19D0ED}.Release|x64.ActiveCfg = Release|x64
		{3BBE833D-2E62-3474-A70D-F6D8DA19D0ED}.Release|x64.Build.0 = Release|x64
		{FB795260-DD68-3DD5-A251-050622DBECA0}.Debug|x64.ActiveCfg = Debug|x64
		{FB795260-DD68-3DD5-A251-050622DBECA0}.Debug|x64.Build.0 = Debug|x64
		{FB795260-DD68-3DD5-A251-050622DBECA0}.Release|x64.ActiveCfg = Release|x64
		{FB795260-DD68-3DD5-A251-050622DBECA0}.Release|x64.Build.0 = Release|x64
		{D18B363A-5502-352A-8872-FF1243B2A230}.Debug|x64.ActiveCfg = Debug|x64
		{D18B363A-5502-352A-8872-FF1243B2A230}.Debug|x64.Build.0 = Debug|x64
		{D18B363A-5502-352A-8872-FF1243B2A230}.Release|x64.ActiveCfg = Release|x64
		{D18B363A-5502-352A-8872-FF1243B2A230}.Release|x64.Build.0 = Release|x64
		{83665C2E-702A-34DD-908A-4F7C2AB9B729}.Debug|x64.ActiveCfg = Debug|x64
		{83665C2E-702A-34DD-908A-4F7C2AB9B729}.Debug|x64.Build.0 = Debug|x64
		{83665C2E-702A-34DD-908A-4F7C2AB9B729}.Release|x64.ActiveCfg = Release|x64
		{83665C2E-702A-34DD-908A-4F7C2AB9B729}.Release|x64.Build.0 = Release|x64
		{AD316D73-B2D5-3C38-8434-F625E16E53A2}.Debug|x64.ActiveCfg = Debug|x64
		{AD316D73-B2D5-3C38-8434-F625E16E53A2}.Debug|x64.Build.0 = Debug|x64
		{AD316D73-B2D5-3C38-8434-F625E16E53A2}.Release|x64.ActiveCfg = Release|x64
		{AD316D73-B2D5-3C38-8434-F625E16E53A2}.Release|x64.Build.0 = Release|x64
		{8B4EAF01-3162-3BAA-87B1-D1A6B753D5F5}.Debug|x64.ActiveCfg = Debug|x64
		{8B4EAF01-3162-3BAA-87B1-D1A6B753D5F5}.Debug|x64.Build.0 = Debug|x64
		{8B4EAF01-3162-3BAA-87B1-D1A6B753D5F5}.Release|x64.ActiveCfg = Release|x64
		{8B4EAF01-3162-3BAA-87B1-D1A6B753D5F5}.Release|x64.Build.0 = Release|x64
		{6D1B6C12-CA17-3FC5-82FC-9DD21F8408AB}.Debug|x64.ActiveCfg = Debug|x64
		{6D1B6C12-CA17-3FC5-82FC-9DD21F8408AB}.Debug|x64.Build.0 = Debug|x64
		{6D1B6C12-CA17-3FC5-82FC-9DD21F8408AB}.Release|x64.ActiveCfg = Release|x64
		{6D1B6C12-CA17-3FC5-82FC-9DD21F8408AB}.Release|x64.Build.0 = Release|x64
		{71D2ED2D-8A49-3321-9071-1B999B5D3CA3}.Debug|x64.ActiveCfg = Debug|x64
		{71D2ED2D-8A49-3321-9071-1B999B5D3CA3}.Debug|x64.Build.0 = Debug|x64
		{71D2ED2D-8A49-3321-9071-1B999B5D3CA3}.Release|x64.ActiveCfg = Release|x64
		{71D2ED2D-8A49-3321-9071-1B999B5D3CA3}.Release|x64.Build.0 = Release|x64
		{E6ABEC9D-E564-3D8F-9485-D51142678414}.Debug|x64.ActiveCfg = Debug|x64
		{E6ABEC9D-E564-3D8F-9485-D51142678414}.Debug|x64.Build.0 = Debug|x64
		{E6ABEC9D-E564-3D8F-9485-D51142678414}.Release|x64.ActiveCfg = Release|x64
		{E6ABEC9D-E564-3D8F-9485-D51142678414}.Release|x64.Build.0 = Release|x64
		{4CE242D7-A455-3E6A-B495-59D182DFABE3}.Debug|x64.ActiveCfg = Debug|x64
		{4CE242D7-A455-3E6A-B495-59D182DFABE3}.Release|x64.ActiveCfg = Release|x64
		{B1B47649-6AA3-3174-991B-AAA5D0A8490B}.Debug|x64.ActiveCfg = Debug|x64
		{B1B47649-6AA3-3174-991B-AAA5D0A8490B}.Debug|x64.Build.0 = Debug|x64
		{B1B47649-6AA3-3174-991B-AAA5D0A8490B}.Release|x64.ActiveCfg = Release|x64
		{B1B47649-6AA3-3174-991B-AAA5D0A8490B}.Release|x64.Build.0 = Release|x64
		{F2828ABB-03B9-30A8-9CC5-5D640C7669B2}.Debug|x64.ActiveCfg = Debug|x64
		{F2828ABB-03B9-30A8-9CC5-5D640C7669B2}.Debug|x64.Build.0 = Debug|x64
		{F2828ABB-03B9-30A8-9CC5-5D640C7669B2}.Release|x64.ActiveCfg = Release|x64
		{F2828ABB-03B9-30A8-9CC5-5D640C7669B2}.Release|x64.Build.0 = Release|x64
		{39854B86-2F27-3D20-A02B-FC27EC4C7DDA}.Debug|x64.ActiveCfg = Debug|x64
		{39854B86-2F27-3D20-A02B-FC27EC4C7DDA}.Debug|x64.Build.0 = Debug|x64
		{39854B86-2F27-3D20-A02B-FC27EC4C7DDA}.Release|x64.ActiveCfg = Release|x64
		{39854B86-2F27-3D20-A02B-FC27EC4C7DDA}.Release|x64.Build.0 = Release|x64
		{2E0962B1-8EE1-351C-8921-F2D026F24F1A}.Debug|x64.ActiveCfg = Debug|x64
		{2E0962B1-8EE1-351C-8921-F2D026F24F1A}.Debug|x64.Build.0 = Debug|x64
		{2E0962B1-8EE1-351C-8921-F2D026F24F1A}.Release|x64.ActiveCfg = Release|x64
		{2E0962B1-8EE1-351C-8921-F2D026F24F1A}.Release|x64.Build.0 = Release|x64
		{30FF7E1E-7FED-3E5F-88E1-2D83E163E2C6}.Debug|x64.ActiveCfg = Debug|x64
		{30FF7E1E-7FED-3E5F-88E1-2D83E163E2C6}.Debug|x64.Build.0 = Debug|x64
		{30FF7E1E-7FED-3E5F-88E1-2D83E163E2C6}.Release|x64.ActiveCfg = Release|x64
		{30FF7E1E-7FED-3E5F-88E1-2D83E163E2C6}.Release|x64.Build.0 = Release|x64
		{42FCC8A0-33F3-3AF4-A774-40BF01572386}.Debug|x64.ActiveCfg = Debug|x64
		{42FCC8A0-33F3-3AF4-A774-40BF01572386}.Debug|x64.Build.0 = Debug|x64
		{42FCC8A0-33F3-3AF4-A774-40BF01572386}.Release|x64.ActiveCfg = Release|x64
		{42FCC8A0-33F3-3AF4-A774-40BF01572386}.Release|x64.Build.0 = Release|x64
		{2CB5147C-DBCA-347F-82D0-AB8F429DF9E7}.Debug|x64.ActiveCfg = Debug|x64
		{2CB5147C-DBCA-347F-82D0-AB8F429DF9E7}.Debug|x64.Build.0 = Debug|x64
		{2CB5147C-DBCA-347F-82D0-AB8F429DF9E7}.Release|x64.ActiveCfg = Release|x64
		{2CB5147C-DBCA-347F-82D0-AB8F429DF9E7}.Release|x64.Build.0 = Release|x64
		{3AAA8C7B-6FED-38CA-85DD-A1B83FA02899}.Debug|x64.ActiveCfg = Debug|x64
		{3AAA8C7B-6FED-38CA-85DD-A1B83FA02899}.Debug|x64.Build.0 = Debug|x64
		{3AAA8C7B-6FED-38CA-85DD-A1B83FA02899}.Release|x64.ActiveCfg = Release|x64
		{3AAA8C7B-6FED-38CA-85DD-A1B83FA02899}.Release|x64.Build.0 = Release|x64
	EndGlobalSection
	GlobalSection(NestedProjects) = preSolution
		{1700C8F8-3A22-3DF2-A962-DB1F71CE34BF} = {2E4AA1A6-C758-37BB-A0D9-4A348131A522}
		{BC3CF51D-EE16-39E7-92AD-8909F94C57B6} = {2E4AA1A6-C758-37BB-A0D9-4A348131A522}
		{D18B363A-5502-352A-8872-FF1243B2A230} = {2E4AA1A6-C758-37BB-A0D9-4A348131A522}
		{83665C2E-702A-34DD-908A-4F7C2AB9B729} = {2E4AA1A6-C758-37BB-A0D9-4A348131A522}
		{AD316D73-B2D5-3C38-8434-F625E16E53A2} = {2E4AA1A6-C758-37BB-A0D9-4A348131A522}
		{8B4EAF01-3162-3BAA-87B1-D1A6B753D5F5} = {2E4AA1A6-C758-37BB-A0D9-4A348131A522}
		{6D1B6C12-CA17-3FC5-82FC-9DD21F8408AB} = {2E4AA1A6-C758-37BB-A0D9-4A348131A522}
		{71D2ED2D-8A49-3321-9071-1B999B5D3CA3} = {2E4AA1A6-C758-37BB-A0D9-4A348131A522}
		{E6ABEC9D-E564-3D8F-9485-D51142678414} = {2E4AA1A6-C758-37BB-A0D9-4A348131A522}
		{2CB5147C-DBCA-347F-82D0-AB8F429DF9E7} = {2E4AA1A6-C758-37BB-A0D9-4A348131A522}
		{3AAA8C7B-6FED-38CA-85DD-A1B83FA02899} = {2E4AA1A6-C758-37BB-A0D9-4A348131A522}
		{87B0D9C6-A560-3693-8A73-537D3E06B5EF} = {115CF9B8-19A5-343C-894B-1CE05D051988}
		{987DFB9C-1123-3049-9140-EC86B20C2FC8} = {115CF9B8-19A5-343C-894B-1CE05D051988}
		{55715B3E-1E35-3E51-8C7E-7BC4D7D912B0} = {115CF9B8-19A5-343C-894B-1CE05D051988}
		{7235C041-D661-3ACC-B23F-181F8BC10526} = {115CF9B8-19A5-343C-894B-1CE05D051988}
		{345D67E4-7CDB-3963-B172-81D28321CE55} = {115CF9B8-19A5-343C-894B-1CE05D051988}
		{F2828ABB-03B9-30A8-9CC5-5D640C7669B2} = {C7DE11DD-9EBB-3492-9111-D56C5B00E54B}
		{39854B86-2F27-3D20-A02B-FC27EC4C7DDA} = {C7DE11DD-9EBB-3492-9111-D56C5B00E54B}
		{2E0962B1-8EE1-351C-8921-F2D026F24F1A} = {C7DE11DD-9EBB-3492-9111-D56C5B00E54B}
		{30FF7E1E-7FED-3E5F-88E1-2D83E163E2C6} = {C7DE11DD-9EBB-3492-9111-D56C5B00E54B}
		{42FCC8A0-33F3-3AF4-A774-40BF01572386} = {C7DE11DD-9EBB-3492-9111-D56C5B00E54B}
		{B1B47649-6AA3-3174-991B-AAA5D0A8490B} = {7FA1FE64-B266-39B4-83EA-1506A33B7C3D}
		{390A862A-898D-3F3E-B03B-73E551D5AA6F} = {524BFE2A-F9E8-3258-85DE-A92EAB12AE74}
		{986745AF-90FA-37E8-B0A2-ABCDC999DA0F} = {390A862A-898D-3F3E-B03B-73E551D5AA6F}
		{C5259402-6408-3BD8-9812-87DE0ADF3B51} = {390A862A-898D-3F3E-B03B-73E551D5AA6F}
		{2528BDF0-BC8E-310C-B767-BC772393A674} = {390A862A-898D-3F3E-B03B-73E551D5AA6F}
		{287585F4-F780-327B-BA39-EACAEF72D0D8} = {390A862A-898D-3F3E-B03B-73E551D5AA6F}
		{46DF4C54-A054-3BA3-A4C0-3A997F9476AF} = {390A862A-898D-3F3E-B03B-73E551D5AA6F}
		{9E3C38AD-35B7-3C70-B8C7-6988159E583C} = {390A862A-898D-3F3E-B03B-73E551D5AA6F}
		{D18E975C-2634-3674-9848-107D279B0EDA} = {390A862A-898D-3F3E-B03B-73E551D5AA6F}
		{D36A154E-196A-399E-93C3-739C1A0E6236} = {390A862A-898D-3F3E-B03B-73E551D5AA6F}
		{3BBE833D-2E62-3474-A70D-F6D8DA19D0ED} = {390A862A-898D-3F3E-B03B-73E551D5AA6F}
		{FB795260-DD68-3DD5-A251-050622DBECA0} = {390A862A-898D-3F3E-B03B-73E551D5AA6F}
	EndGlobalSection
	GlobalSection(ExtensibilityGlobals) = postSolution
		SolutionGuid = {3CF41782-C037-3AE9-A2FD-FB0FAD2C5C0E}
	EndGlobalSection
	GlobalSection(ExtensibilityAddIns) = postSolution
	EndGlobalSection
EndGlobal
