<?xml version="1.0" encoding="utf-8"?>
<Project ToolsVersion="15.0" xmlns="http://schemas.microsoft.com/developer/msbuild/2003">
  <ItemGroup>
    <ClCompile Include="ocl\test_brute_force_matcher.cpp">
      <Filter>opencv_features2d\Src\ocl</Filter>
    </ClCompile>
    <ClCompile Include="ocl\test_feature2d.cpp">
      <Filter>opencv_features2d\Src\ocl</Filter>
    </ClCompile>
    <ClCompile Include="test_affine_feature.cpp">
      <Filter>opencv_features2d\Src</Filter>
    </ClCompile>
    <ClCompile Include="test_agast.cpp">
      <Filter>opencv_features2d\Src</Filter>
    </ClCompile>
    <ClCompile Include="test_akaze.cpp">
      <Filter>opencv_features2d\Src</Filter>
    </ClCompile>
    <ClCompile Include="test_blobdetector.cpp">
      <Filter>opencv_features2d\Src</Filter>
    </ClCompile>
    <ClCompile Include="test_brisk.cpp">
      <Filter>opencv_features2d\Src</Filter>
    </ClCompile>
    <ClCompile Include="test_descriptors_invariance.cpp">
      <Filter>opencv_features2d\Src</Filter>
    </ClCompile>
    <ClCompile Include="test_descriptors_regression.cpp">
      <Filter>opencv_features2d\Src</Filter>
    </ClCompile>
    <ClCompile Include="test_detectors_invariance.cpp">
      <Filter>opencv_features2d\Src</Filter>
    </ClCompile>
    <ClCompile Include="test_detectors_regression.cpp">
      <Filter>opencv_features2d\Src</Filter>
    </ClCompile>
    <ClCompile Include="test_drawing.cpp">
      <Filter>opencv_features2d\Src</Filter>
    </ClCompile>
    <ClCompile Include="test_fast.cpp">
      <Filter>opencv_features2d\Src</Filter>
    </ClCompile>
    <ClCompile Include="test_keypoints.cpp">
      <Filter>opencv_features2d\Src</Filter>
    </ClCompile>
    <ClCompile Include="test_main.cpp">
      <Filter>opencv_features2d\Src</Filter>
    </ClCompile>
    <ClCompile Include="test_matchers_algorithmic.cpp">
      <Filter>opencv_features2d\Src</Filter>
    </ClCompile>
    <ClCompile Include="test_mser.cpp">
      <Filter>opencv_features2d\Src</Filter>
    </ClCompile>
    <ClCompile Include="test_nearestneighbors.cpp">
      <Filter>opencv_features2d\Src</Filter>
    </ClCompile>
    <ClCompile Include="test_orb.cpp">
      <Filter>opencv_features2d\Src</Filter>
    </ClCompile>
    <ClCompile Include="test_sift.cpp">
      <Filter>opencv_features2d\Src</Filter>
    </ClCompile>
    <ClCompile Include="test_utils.cpp">
      <Filter>opencv_features2d\Src</Filter>
    </ClCompile>
  </ItemGroup>
  <ItemGroup>
    <ClInclude Include="test_descriptors_invariance.impl.hpp">
      <Filter>opencv_features2d\Include</Filter>
    </ClInclude>
    <ClInclude Include="test_descriptors_regression.impl.hpp">
      <Filter>opencv_features2d\Include</Filter>
    </ClInclude>
    <ClInclude Include="test_detectors_invariance.impl.hpp">
      <Filter>opencv_features2d\Include</Filter>
    </ClInclude>
    <ClInclude Include="test_detectors_regression.impl.hpp">
      <Filter>opencv_features2d\Include</Filter>
    </ClInclude>
    <ClInclude Include="test_invariance_utils.hpp">
      <Filter>opencv_features2d\Include</Filter>
    </ClInclude>
    <ClInclude Include="test_precomp.hpp">
      <Filter>opencv_features2d\Include</Filter>
    </ClInclude>
  </ItemGroup>

  <ItemGroup>
    <Filter Include="opencv_features2d">
      <UniqueIdentifier>{6250FBB1-547F-355D-9F4A-3EDEB6DC8BD0}</UniqueIdentifier>
    </Filter>
    <Filter Include="opencv_features2d\Include">
      <UniqueIdentifier>{DF4EC9AE-D516-35DC-AFB2-D9D208BC9F67}</UniqueIdentifier>
    </Filter>
    <Filter Include="opencv_features2d\Src">
      <UniqueIdentifier>{D9D48AEA-D266-37D4-ADB7-AEFD67B05C94}</UniqueIdentifier>
    </Filter>
    <Filter Include="opencv_features2d\Src\ocl">
      <UniqueIdentifier>{0EFAA213-562B-3239-B0B5-F330B9982DB1}</UniqueIdentifier>
    </Filter>
  </ItemGroup>
</Project>
